// !$*UTF8*$!
{
	archiveVersion = 1;
	classes = {
	};
	objectVersion = 54;
	objects = {

/* Begin PBXBuildFile section */
		0F0A21E6DEF8598351931606 /* libPods-OneSignalNotificationServiceExtension.a in Frameworks */ = {isa = PBXBuildFile; fileRef = 6E9794ACE12C0955109A6101 /* libPods-OneSignalNotificationServiceExtension.a */; };
		13B07FBC1A68108700A75B9A /* AppDelegate.mm in Sources */ = {isa = PBXBuildFile; fileRef = 13B07FB01A68108700A75B9A /* AppDelegate.mm */; };
		13B07FBF1A68108700A75B9A /* Images.xcassets in Resources */ = {isa = PBXBuildFile; fileRef = 13B07FB51A68108700A75B9A /* Images.xcassets */; };
		13B07FC11A68108700A75B9A /* main.m in Sources */ = {isa = PBXBuildFile; fileRef = 13B07FB71A68108700A75B9A /* main.m */; };
		5339DD272BD72050007464CA /* Poppins-Medium.ttf in Resources */ = {isa = PBXBuildFile; fileRef = 5339DD232BD72050007464CA /* Poppins-Medium.ttf */; };
		5339DD282BD72050007464CA /* Poppins-Regular.ttf in Resources */ = {isa = PBXBuildFile; fileRef = 5339DD242BD72050007464CA /* Poppins-Regular.ttf */; };
		5339DD292BD72050007464CA /* Poppins-SemiBold.ttf in Resources */ = {isa = PBXBuildFile; fileRef = 5339DD252BD72050007464CA /* Poppins-SemiBold.ttf */; };
		5339DD2A2BD72050007464CA /* Poppins-Bold.ttf in Resources */ = {isa = PBXBuildFile; fileRef = 5339DD262BD72050007464CA /* Poppins-Bold.ttf */; };
		54D3FDA62AE28EE40027F224 /* NotificationService.swift in Sources */ = {isa = PBXBuildFile; fileRef = 54D3FDA52AE28EE40027F224 /* NotificationService.swift */; };
		54D3FDAA2AE28EE40027F224 /* OneSignalNotificationServiceExtension.appex in Embed Foundation Extensions */ = {isa = PBXBuildFile; fileRef = 54D3FDA32AE28EE40027F224 /* OneSignalNotificationServiceExtension.appex */; settings = {ATTRIBUTES = (RemoveHeadersOnCopy, ); }; };
		74A180192AA614BC0032065B /* FontAwesome.ttf in Resources */ = {isa = PBXBuildFile; fileRef = 74A180182AA614BC0032065B /* FontAwesome.ttf */; };
		81AB9BB82411601600AC10FF /* LaunchScreen.storyboard in Resources */ = {isa = PBXBuildFile; fileRef = 81AB9BB72411601600AC10FF /* LaunchScreen.storyboard */; };
		9D0BC3C246DEBFD720FF233D /* PrivacyInfo.xcprivacy in Resources */ = {isa = PBXBuildFile; fileRef = 8964229267EDD64C62BB12D7 /* PrivacyInfo.xcprivacy */; };
		A42104AFDCCDAC359689F9EC /* libPods-RNMobileApp.a in Frameworks */ = {isa = PBXBuildFile; fileRef = 58A496A47CD33D79343BECFD /* libPods-RNMobileApp.a */; };
/* End PBXBuildFile section */

/* Begin PBXContainerItemProxy section */
		54D3FDA82AE28EE40027F224 /* PBXContainerItemProxy */ = {
			isa = PBXContainerItemProxy;
			containerPortal = 83CBB9F71A601CBA00E9B192 /* Project object */;
			proxyType = 1;
			remoteGlobalIDString = 54D3FDA22AE28EE40027F224;
			remoteInfo = OneSignalNotificationServiceExtension;
		};
/* End PBXContainerItemProxy section */

/* Begin PBXCopyFilesBuildPhase section */
		54D3FDAB2AE28EE40027F224 /* Embed Foundation Extensions */ = {
			isa = PBXCopyFilesBuildPhase;
			buildActionMask = 2147483647;
			dstPath = "";
			dstSubfolderSpec = 13;
			files = (
				54D3FDAA2AE28EE40027F224 /* OneSignalNotificationServiceExtension.appex in Embed Foundation Extensions */,
			);
			name = "Embed Foundation Extensions";
			runOnlyForDeploymentPostprocessing = 0;
		};
/* End PBXCopyFilesBuildPhase section */

/* Begin PBXFileReference section */
		082617F4B8484F2236AFE340 /* Pods-RNMobileApp.debugprod.xcconfig */ = {isa = PBXFileReference; includeInIndex = 1; lastKnownFileType = text.xcconfig; name = "Pods-RNMobileApp.debugprod.xcconfig"; path = "Target Support Files/Pods-RNMobileApp/Pods-RNMobileApp.debugprod.xcconfig"; sourceTree = "<group>"; };
		0D4A1C7E888CC3833FA7B47E /* Pods-RNMobileApp.releaseprod.xcconfig */ = {isa = PBXFileReference; includeInIndex = 1; lastKnownFileType = text.xcconfig; name = "Pods-RNMobileApp.releaseprod.xcconfig"; path = "Target Support Files/Pods-RNMobileApp/Pods-RNMobileApp.releaseprod.xcconfig"; sourceTree = "<group>"; };
		0E715D9864E44DC3A6E74D11 /* Inter-ExtraBold.ttf */ = {isa = PBXFileReference; explicitFileType = undefined; fileEncoding = 9; includeInIndex = 0; lastKnownFileType = unknown; name = "Inter-ExtraBold.ttf"; path = "../assets/fonts/Inter-ExtraBold.ttf"; sourceTree = "<group>"; };
		13B07F961A680F5B00A75B9A /* RNMobileApp.app */ = {isa = PBXFileReference; explicitFileType = wrapper.application; includeInIndex = 0; path = RNMobileApp.app; sourceTree = BUILT_PRODUCTS_DIR; };
		13B07FAF1A68108700A75B9A /* AppDelegate.h */ = {isa = PBXFileReference; fileEncoding = 4; lastKnownFileType = sourcecode.c.h; name = AppDelegate.h; path = RNMobileApp/AppDelegate.h; sourceTree = "<group>"; };
		13B07FB01A68108700A75B9A /* AppDelegate.mm */ = {isa = PBXFileReference; fileEncoding = 4; lastKnownFileType = sourcecode.cpp.objcpp; name = AppDelegate.mm; path = RNMobileApp/AppDelegate.mm; sourceTree = "<group>"; };
		13B07FB51A68108700A75B9A /* Images.xcassets */ = {isa = PBXFileReference; lastKnownFileType = folder.assetcatalog; name = Images.xcassets; path = RNMobileApp/Images.xcassets; sourceTree = "<group>"; };
		13B07FB61A68108700A75B9A /* Info.plist */ = {isa = PBXFileReference; fileEncoding = 4; lastKnownFileType = text.plist.xml; name = Info.plist; path = RNMobileApp/Info.plist; sourceTree = "<group>"; };
		13B07FB71A68108700A75B9A /* main.m */ = {isa = PBXFileReference; fileEncoding = 4; lastKnownFileType = sourcecode.c.objc; name = main.m; path = RNMobileApp/main.m; sourceTree = "<group>"; };
		13FD78B55269ACC00F074080 /* Pods-OneSignalNotificationServiceExtension.debugdev.xcconfig */ = {isa = PBXFileReference; includeInIndex = 1; lastKnownFileType = text.xcconfig; name = "Pods-OneSignalNotificationServiceExtension.debugdev.xcconfig"; path = "Target Support Files/Pods-OneSignalNotificationServiceExtension/Pods-OneSignalNotificationServiceExtension.debugdev.xcconfig"; sourceTree = "<group>"; };
		2738B94377B65D31C3F5FD0D /* Pods-OneSignalNotificationServiceExtension.releaseprod.xcconfig */ = {isa = PBXFileReference; includeInIndex = 1; lastKnownFileType = text.xcconfig; name = "Pods-OneSignalNotificationServiceExtension.releaseprod.xcconfig"; path = "Target Support Files/Pods-OneSignalNotificationServiceExtension/Pods-OneSignalNotificationServiceExtension.releaseprod.xcconfig"; sourceTree = "<group>"; };
		3136C1C506724AC0816894B3 /* Inter-ExtraLight.ttf */ = {isa = PBXFileReference; explicitFileType = undefined; fileEncoding = 9; includeInIndex = 0; lastKnownFileType = unknown; name = "Inter-ExtraLight.ttf"; path = "../assets/fonts/Inter-ExtraLight.ttf"; sourceTree = "<group>"; };
		3DF2248F4AE688E072710063 /* Pods-RNMobileApp.releasestg.xcconfig */ = {isa = PBXFileReference; includeInIndex = 1; lastKnownFileType = text.xcconfig; name = "Pods-RNMobileApp.releasestg.xcconfig"; path = "Target Support Files/Pods-RNMobileApp/Pods-RNMobileApp.releasestg.xcconfig"; sourceTree = "<group>"; };
		5339DD232BD72050007464CA /* Poppins-Medium.ttf */ = {isa = PBXFileReference; lastKnownFileType = file; name = "Poppins-Medium.ttf"; path = "../src/assets/fonts/Poppins-Medium.ttf"; sourceTree = "<group>"; };
		5339DD242BD72050007464CA /* Poppins-Regular.ttf */ = {isa = PBXFileReference; lastKnownFileType = file; name = "Poppins-Regular.ttf"; path = "../src/assets/fonts/Poppins-Regular.ttf"; sourceTree = "<group>"; };
		5339DD252BD72050007464CA /* Poppins-SemiBold.ttf */ = {isa = PBXFileReference; lastKnownFileType = file; name = "Poppins-SemiBold.ttf"; path = "../src/assets/fonts/Poppins-SemiBold.ttf"; sourceTree = "<group>"; };
		5339DD262BD72050007464CA /* Poppins-Bold.ttf */ = {isa = PBXFileReference; lastKnownFileType = file; name = "Poppins-Bold.ttf"; path = "../src/assets/fonts/Poppins-Bold.ttf"; sourceTree = "<group>"; };
		54D3FDA32AE28EE40027F224 /* OneSignalNotificationServiceExtension.appex */ = {isa = PBXFileReference; explicitFileType = "wrapper.app-extension"; includeInIndex = 0; path = OneSignalNotificationServiceExtension.appex; sourceTree = BUILT_PRODUCTS_DIR; };
		54D3FDA52AE28EE40027F224 /* NotificationService.swift */ = {isa = PBXFileReference; lastKnownFileType = sourcecode.swift; path = NotificationService.swift; sourceTree = "<group>"; };
		54D3FDA72AE28EE40027F224 /* Info.plist */ = {isa = PBXFileReference; lastKnownFileType = text.plist.xml; path = Info.plist; sourceTree = "<group>"; };
		54D893492AE1711C0043D404 /* RNMobileApp.entitlements */ = {isa = PBXFileReference; lastKnownFileType = text.plist.entitlements; name = RNMobileApp.entitlements; path = RNMobileApp/RNMobileApp.entitlements; sourceTree = "<group>"; };
		58A496A47CD33D79343BECFD /* libPods-RNMobileApp.a */ = {isa = PBXFileReference; explicitFileType = archive.ar; includeInIndex = 0; path = "libPods-RNMobileApp.a"; sourceTree = BUILT_PRODUCTS_DIR; };
		5BF5D591970C45618363D82E /* Inter-Medium.ttf */ = {isa = PBXFileReference; explicitFileType = undefined; fileEncoding = 9; includeInIndex = 0; lastKnownFileType = unknown; name = "Inter-Medium.ttf"; path = "../assets/fonts/Inter-Medium.ttf"; sourceTree = "<group>"; };
		6BB9C8A5759BA3E7EBDAD2B5 /* Pods-RNMobileApp.releasedev.xcconfig */ = {isa = PBXFileReference; includeInIndex = 1; lastKnownFileType = text.xcconfig; name = "Pods-RNMobileApp.releasedev.xcconfig"; path = "Target Support Files/Pods-RNMobileApp/Pods-RNMobileApp.releasedev.xcconfig"; sourceTree = "<group>"; };
		6E9794ACE12C0955109A6101 /* libPods-OneSignalNotificationServiceExtension.a */ = {isa = PBXFileReference; explicitFileType = archive.ar; includeInIndex = 0; path = "libPods-OneSignalNotificationServiceExtension.a"; sourceTree = BUILT_PRODUCTS_DIR; };
		74A180182AA614BC0032065B /* FontAwesome.ttf */ = {isa = PBXFileReference; lastKnownFileType = file; name = FontAwesome.ttf; path = "../node_modules/react-native-vector-icons/Fonts/FontAwesome.ttf"; sourceTree = "<group>"; };
		74C50A8BA6E64E4093DE6BED /* Inter-Regular.ttf */ = {isa = PBXFileReference; explicitFileType = undefined; fileEncoding = 9; includeInIndex = 0; lastKnownFileType = unknown; name = "Inter-Regular.ttf"; path = "../assets/fonts/Inter-Regular.ttf"; sourceTree = "<group>"; };
		81AB9BB72411601600AC10FF /* LaunchScreen.storyboard */ = {isa = PBXFileReference; fileEncoding = 4; lastKnownFileType = file.storyboard; name = LaunchScreen.storyboard; path = RNMobileApp/LaunchScreen.storyboard; sourceTree = "<group>"; };
		8964229267EDD64C62BB12D7 /* PrivacyInfo.xcprivacy */ = {isa = PBXFileReference; includeInIndex = 1; lastKnownFileType = text.xml; name = PrivacyInfo.xcprivacy; path = RNMobileApp/PrivacyInfo.xcprivacy; sourceTree = "<group>"; };
		8D8D929708AD4F998DCC87A8 /* Inter-SemiBold.ttf */ = {isa = PBXFileReference; explicitFileType = undefined; fileEncoding = 9; includeInIndex = 0; lastKnownFileType = unknown; name = "Inter-SemiBold.ttf"; path = "../assets/fonts/Inter-SemiBold.ttf"; sourceTree = "<group>"; };
		9F6CD10752E9918F1B5346D7 /* ExpoModulesProvider.swift */ = {isa = PBXFileReference; includeInIndex = 1; lastKnownFileType = sourcecode.swift; name = ExpoModulesProvider.swift; path = "Pods/Target Support Files/Pods-RNMobileApp/ExpoModulesProvider.swift"; sourceTree = "<group>"; };
		A5E65770B9439A6912305C26 /* Pods-OneSignalNotificationServiceExtension.releasedev.xcconfig */ = {isa = PBXFileReference; includeInIndex = 1; lastKnownFileType = text.xcconfig; name = "Pods-OneSignalNotificationServiceExtension.releasedev.xcconfig"; path = "Target Support Files/Pods-OneSignalNotificationServiceExtension/Pods-OneSignalNotificationServiceExtension.releasedev.xcconfig"; sourceTree = "<group>"; };
		A66BFD943F254224B4F76546 /* Inter-Light.ttf */ = {isa = PBXFileReference; explicitFileType = undefined; fileEncoding = 9; includeInIndex = 0; lastKnownFileType = unknown; name = "Inter-Light.ttf"; path = "../assets/fonts/Inter-Light.ttf"; sourceTree = "<group>"; };
		ADA6F5D540325D2F507E6FE2 /* Pods-RNMobileApp.debugdev.xcconfig */ = {isa = PBXFileReference; includeInIndex = 1; lastKnownFileType = text.xcconfig; name = "Pods-RNMobileApp.debugdev.xcconfig"; path = "Target Support Files/Pods-RNMobileApp/Pods-RNMobileApp.debugdev.xcconfig"; sourceTree = "<group>"; };
		BB2DD2E2568140388AF313FE /* Inter-Thin.ttf */ = {isa = PBXFileReference; explicitFileType = undefined; fileEncoding = 9; includeInIndex = 0; lastKnownFileType = unknown; name = "Inter-Thin.ttf"; path = "../assets/fonts/Inter-Thin.ttf"; sourceTree = "<group>"; };
		BD7AF265F186DA72D198CC3C /* Pods-OneSignalNotificationServiceExtension.debugprod.xcconfig */ = {isa = PBXFileReference; includeInIndex = 1; lastKnownFileType = text.xcconfig; name = "Pods-OneSignalNotificationServiceExtension.debugprod.xcconfig"; path = "Target Support Files/Pods-OneSignalNotificationServiceExtension/Pods-OneSignalNotificationServiceExtension.debugprod.xcconfig"; sourceTree = "<group>"; };
		D5BD237CF7824D5B95AAAB52 /* Inter-Black.ttf */ = {isa = PBXFileReference; explicitFileType = undefined; fileEncoding = 9; includeInIndex = 0; lastKnownFileType = unknown; name = "Inter-Black.ttf"; path = "../assets/fonts/Inter-Black.ttf"; sourceTree = "<group>"; };
		DDF7EB095DE0364B652183F0 /* Pods-OneSignalNotificationServiceExtension.debugstg.xcconfig */ = {isa = PBXFileReference; includeInIndex = 1; lastKnownFileType = text.xcconfig; name = "Pods-OneSignalNotificationServiceExtension.debugstg.xcconfig"; path = "Target Support Files/Pods-OneSignalNotificationServiceExtension/Pods-OneSignalNotificationServiceExtension.debugstg.xcconfig"; sourceTree = "<group>"; };
		DE75E5B7BCE66770B850FFC5 /* Pods-OneSignalNotificationServiceExtension.releasestg.xcconfig */ = {isa = PBXFileReference; includeInIndex = 1; lastKnownFileType = text.xcconfig; name = "Pods-OneSignalNotificationServiceExtension.releasestg.xcconfig"; path = "Target Support Files/Pods-OneSignalNotificationServiceExtension/Pods-OneSignalNotificationServiceExtension.releasestg.xcconfig"; sourceTree = "<group>"; };
		E25DA5604DBD1C865B48B6F2 /* Pods-RNMobileApp.debugstg.xcconfig */ = {isa = PBXFileReference; includeInIndex = 1; lastKnownFileType = text.xcconfig; name = "Pods-RNMobileApp.debugstg.xcconfig"; path = "Target Support Files/Pods-RNMobileApp/Pods-RNMobileApp.debugstg.xcconfig"; sourceTree = "<group>"; };
		ED297162215061F000B7C4FE /* JavaScriptCore.framework */ = {isa = PBXFileReference; lastKnownFileType = wrapper.framework; name = JavaScriptCore.framework; path = System/Library/Frameworks/JavaScriptCore.framework; sourceTree = SDKROOT; };
		FF71BD37B7644930ACAF282D /* Inter-Bold.ttf */ = {isa = PBXFileReference; explicitFileType = undefined; fileEncoding = 9; includeInIndex = 0; lastKnownFileType = unknown; name = "Inter-Bold.ttf"; path = "../assets/fonts/Inter-Bold.ttf"; sourceTree = "<group>"; };
/* End PBXFileReference section */

/* Begin PBXFrameworksBuildPhase section */
		13B07F8C1A680F5B00A75B9A /* Frameworks */ = {
			isa = PBXFrameworksBuildPhase;
			buildActionMask = 2147483647;
			files = (
				A42104AFDCCDAC359689F9EC /* libPods-RNMobileApp.a in Frameworks */,
			);
			runOnlyForDeploymentPostprocessing = 0;
		};
		54D3FDA02AE28EE40027F224 /* Frameworks */ = {
			isa = PBXFrameworksBuildPhase;
			buildActionMask = 2147483647;
			files = (
				0F0A21E6DEF8598351931606 /* libPods-OneSignalNotificationServiceExtension.a in Frameworks */,
			);
			runOnlyForDeploymentPostprocessing = 0;
		};
/* End PBXFrameworksBuildPhase section */

/* Begin PBXGroup section */
		13B07FAE1A68108700A75B9A /* RNMobileApp */ = {
			isa = PBXGroup;
			children = (
				54D893492AE1711C0043D404 /* RNMobileApp.entitlements */,
				74A180172AA614A70032065B /* Fonts */,
				13B07FAF1A68108700A75B9A /* AppDelegate.h */,
				13B07FB01A68108700A75B9A /* AppDelegate.mm */,
				13B07FB51A68108700A75B9A /* Images.xcassets */,
				13B07FB61A68108700A75B9A /* Info.plist */,
				81AB9BB72411601600AC10FF /* LaunchScreen.storyboard */,
				13B07FB71A68108700A75B9A /* main.m */,
				8964229267EDD64C62BB12D7 /* PrivacyInfo.xcprivacy */,
			);
			name = RNMobileApp;
			sourceTree = "<group>";
		};
		2D16E6871FA4F8E400B85C8A /* Frameworks */ = {
			isa = PBXGroup;
			children = (
				ED297162215061F000B7C4FE /* JavaScriptCore.framework */,
				6E9794ACE12C0955109A6101 /* libPods-OneSignalNotificationServiceExtension.a */,
				58A496A47CD33D79343BECFD /* libPods-RNMobileApp.a */,
			);
			name = Frameworks;
			sourceTree = "<group>";
		};
		54D3FDA42AE28EE40027F224 /* OneSignalNotificationServiceExtension */ = {
			isa = PBXGroup;
			children = (
				54D3FDA52AE28EE40027F224 /* NotificationService.swift */,
				54D3FDA72AE28EE40027F224 /* Info.plist */,
			);
			path = OneSignalNotificationServiceExtension;
			sourceTree = "<group>";
		};
		69442C98B69B08ABCB95E285 /* ExpoModulesProviders */ = {
			isa = PBXGroup;
			children = (
				CA18E572D7E43A7188FD04CF /* RNMobileApp */,
			);
			name = ExpoModulesProviders;
			sourceTree = "<group>";
		};
		74A180172AA614A70032065B /* Fonts */ = {
			isa = PBXGroup;
			children = (
				74A180182AA614BC0032065B /* FontAwesome.ttf */,
			);
			name = Fonts;
			sourceTree = "<group>";
		};
		832341AE1AAA6A7D00B99B32 /* Libraries */ = {
			isa = PBXGroup;
			children = (
			);
			name = Libraries;
			sourceTree = "<group>";
		};
		83CBB9F61A601CBA00E9B192 = {
			isa = PBXGroup;
			children = (
				5339DD262BD72050007464CA /* Poppins-Bold.ttf */,
				5339DD232BD72050007464CA /* Poppins-Medium.ttf */,
				5339DD242BD72050007464CA /* Poppins-Regular.ttf */,
				5339DD252BD72050007464CA /* Poppins-SemiBold.ttf */,
				13B07FAE1A68108700A75B9A /* RNMobileApp */,
				832341AE1AAA6A7D00B99B32 /* Libraries */,
				54D3FDA42AE28EE40027F224 /* OneSignalNotificationServiceExtension */,
				83CBBA001A601CBA00E9B192 /* Products */,
				2D16E6871FA4F8E400B85C8A /* Frameworks */,
				BBD78D7AC51CEA395F1C20DB /* Pods */,
				69442C98B69B08ABCB95E285 /* ExpoModulesProviders */,
				CF887ECB94354732880590DD /* Resources */,
			);
			indentWidth = 2;
			sourceTree = "<group>";
			tabWidth = 2;
			usesTabs = 0;
		};
		83CBBA001A601CBA00E9B192 /* Products */ = {
			isa = PBXGroup;
			children = (
				13B07F961A680F5B00A75B9A /* RNMobileApp.app */,
				54D3FDA32AE28EE40027F224 /* OneSignalNotificationServiceExtension.appex */,
			);
			name = Products;
			sourceTree = "<group>";
		};
		BBD78D7AC51CEA395F1C20DB /* Pods */ = {
			isa = PBXGroup;
			children = (
				13FD78B55269ACC00F074080 /* Pods-OneSignalNotificationServiceExtension.debugdev.xcconfig */,
				BD7AF265F186DA72D198CC3C /* Pods-OneSignalNotificationServiceExtension.debugprod.xcconfig */,
				DDF7EB095DE0364B652183F0 /* Pods-OneSignalNotificationServiceExtension.debugstg.xcconfig */,
				2738B94377B65D31C3F5FD0D /* Pods-OneSignalNotificationServiceExtension.releaseprod.xcconfig */,
				DE75E5B7BCE66770B850FFC5 /* Pods-OneSignalNotificationServiceExtension.releasestg.xcconfig */,
				A5E65770B9439A6912305C26 /* Pods-OneSignalNotificationServiceExtension.releasedev.xcconfig */,
				ADA6F5D540325D2F507E6FE2 /* Pods-RNMobileApp.debugdev.xcconfig */,
				082617F4B8484F2236AFE340 /* Pods-RNMobileApp.debugprod.xcconfig */,
				E25DA5604DBD1C865B48B6F2 /* Pods-RNMobileApp.debugstg.xcconfig */,
				0D4A1C7E888CC3833FA7B47E /* Pods-RNMobileApp.releaseprod.xcconfig */,
				3DF2248F4AE688E072710063 /* Pods-RNMobileApp.releasestg.xcconfig */,
				6BB9C8A5759BA3E7EBDAD2B5 /* Pods-RNMobileApp.releasedev.xcconfig */,
			);
			path = Pods;
			sourceTree = "<group>";
		};
		CA18E572D7E43A7188FD04CF /* RNMobileApp */ = {
			isa = PBXGroup;
			children = (
				9F6CD10752E9918F1B5346D7 /* ExpoModulesProvider.swift */,
			);
			name = RNMobileApp;
			sourceTree = "<group>";
		};
		CF887ECB94354732880590DD /* Resources */ = {
			isa = PBXGroup;
			children = (
				D5BD237CF7824D5B95AAAB52 /* Inter-Black.ttf */,
				FF71BD37B7644930ACAF282D /* Inter-Bold.ttf */,
				0E715D9864E44DC3A6E74D11 /* Inter-ExtraBold.ttf */,
				3136C1C506724AC0816894B3 /* Inter-ExtraLight.ttf */,
				A66BFD943F254224B4F76546 /* Inter-Light.ttf */,
				5BF5D591970C45618363D82E /* Inter-Medium.ttf */,
				74C50A8BA6E64E4093DE6BED /* Inter-Regular.ttf */,
				8D8D929708AD4F998DCC87A8 /* Inter-SemiBold.ttf */,
				BB2DD2E2568140388AF313FE /* Inter-Thin.ttf */,
			);
			name = Resources;
			sourceTree = "<group>";
		};
/* End PBXGroup section */

/* Begin PBXNativeTarget section */
		13B07F861A680F5B00A75B9A /* RNMobileApp */ = {
			isa = PBXNativeTarget;
			buildConfigurationList = 13B07F931A680F5B00A75B9A /* Build configuration list for PBXNativeTarget "RNMobileApp" */;
			buildPhases = (
				3E58F50E14D306B131986CB9 /* [CP] Check Pods Manifest.lock */,
				FD10A7F022414F080027D42C /* Start Packager */,
				13B07F871A680F5B00A75B9A /* Sources */,
				13B07F8C1A680F5B00A75B9A /* Frameworks */,
				13B07F8E1A680F5B00A75B9A /* Resources */,
				00DD1BFF1BD5951E006B06BC /* Bundle React Native code and images */,
				0C00B09E3B1D4C7DAD555F4E /* Upload Debug Symbols to Sentry */,
				54D3FDAB2AE28EE40027F224 /* Embed Foundation Extensions */,
				DE5BD9A02E2957FB54BCA24F /* [CP] Embed Pods Frameworks */,
				1D71FE28BC374243A5328FFF /* [CP] Copy Pods Resources */,
			);
			buildRules = (
			);
			dependencies = (
				54D3FDA92AE28EE40027F224 /* PBXTargetDependency */,
			);
			name = RNMobileApp;
			productName = RNMobileApp;
			productReference = 13B07F961A680F5B00A75B9A /* RNMobileApp.app */;
			productType = "com.apple.product-type.application";
		};
		54D3FDA22AE28EE40027F224 /* OneSignalNotificationServiceExtension */ = {
			isa = PBXNativeTarget;
			buildConfigurationList = 54D3FDAE2AE28EE40027F224 /* Build configuration list for PBXNativeTarget "OneSignalNotificationServiceExtension" */;
			buildPhases = (
				9497FC4698681AEFD475D10A /* [CP] Check Pods Manifest.lock */,
				54D3FD9F2AE28EE40027F224 /* Sources */,
				54D3FDA02AE28EE40027F224 /* Frameworks */,
				54D3FDA12AE28EE40027F224 /* Resources */,
			);
			buildRules = (
			);
			dependencies = (
			);
			name = OneSignalNotificationServiceExtension;
			productName = OneSignalNotificationServiceExtension;
			productReference = 54D3FDA32AE28EE40027F224 /* OneSignalNotificationServiceExtension.appex */;
			productType = "com.apple.product-type.app-extension";
		};
/* End PBXNativeTarget section */

/* Begin PBXProject section */
		83CBB9F71A601CBA00E9B192 /* Project object */ = {
			isa = PBXProject;
			attributes = {
				LastSwiftUpdateCheck = 1500;
				LastUpgradeCheck = 1210;
				TargetAttributes = {
					13B07F861A680F5B00A75B9A = {
						LastSwiftMigration = 1120;
					};
					54D3FDA22AE28EE40027F224 = {
						CreatedOnToolsVersion = 15.0.1;
					};
				};
			};
			buildConfigurationList = 83CBB9FA1A601CBA00E9B192 /* Build configuration list for PBXProject "RNMobileApp" */;
			compatibilityVersion = "Xcode 12.0";
			developmentRegion = en;
			hasScannedForEncodings = 0;
			knownRegions = (
				en,
				Base,
			);
			mainGroup = 83CBB9F61A601CBA00E9B192;
			productRefGroup = 83CBBA001A601CBA00E9B192 /* Products */;
			projectDirPath = "";
			projectRoot = "";
			targets = (
				13B07F861A680F5B00A75B9A /* RNMobileApp */,
				54D3FDA22AE28EE40027F224 /* OneSignalNotificationServiceExtension */,
			);
		};
/* End PBXProject section */

/* Begin PBXResourcesBuildPhase section */
		13B07F8E1A680F5B00A75B9A /* Resources */ = {
			isa = PBXResourcesBuildPhase;
			buildActionMask = 2147483647;
			files = (
				5339DD272BD72050007464CA /* Poppins-Medium.ttf in Resources */,
				5339DD282BD72050007464CA /* Poppins-Regular.ttf in Resources */,
				5339DD292BD72050007464CA /* Poppins-SemiBold.ttf in Resources */,
				5339DD2A2BD72050007464CA /* Poppins-Bold.ttf in Resources */,
				81AB9BB82411601600AC10FF /* LaunchScreen.storyboard in Resources */,
				13B07FBF1A68108700A75B9A /* Images.xcassets in Resources */,
				74A180192AA614BC0032065B /* FontAwesome.ttf in Resources */,
				9D0BC3C246DEBFD720FF233D /* PrivacyInfo.xcprivacy in Resources */,
			);
			runOnlyForDeploymentPostprocessing = 0;
		};
		54D3FDA12AE28EE40027F224 /* Resources */ = {
			isa = PBXResourcesBuildPhase;
			buildActionMask = 2147483647;
			files = (
			);
			runOnlyForDeploymentPostprocessing = 0;
		};
/* End PBXResourcesBuildPhase section */

/* Begin PBXShellScriptBuildPhase section */
		00DD1BFF1BD5951E006B06BC /* Bundle React Native code and images */ = {
			isa = PBXShellScriptBuildPhase;
			buildActionMask = 2147483647;
			files = (
			);
			inputPaths = (
				"$(SRCROOT)/.xcode.env.local",
				"$(SRCROOT)/.xcode.env",
			);
			name = "Bundle React Native code and images";
			outputPaths = (
			);
			runOnlyForDeploymentPostprocessing = 0;
			shellPath = /bin/sh;
			shellScript = "if [ \"$CI\" = \"true\" ]; then\n    export SENTRY_PROPERTIES=sentry.properties\n    export EXTRA_PACKAGER_ARGS=\"--sourcemap-output $DERIVED_FILE_DIR/main.jsbundle.map\"\n    set -e\n\n    WITH_ENVIRONMENT=\"../node_modules/react-native/scripts/xcode/with-environment.sh\"\n    REACT_NATIVE_XCODE=\"../node_modules/react-native/scripts/react-native-xcode.sh\"\n\n    /bin/sh -c \"$WITH_ENVIRONMENT \\\"../node_modules/@sentry/cli/bin/sentry-cli react-native xcode $REACT_NATIVE_XCODE\\\"\"\n\n    /bin/sh -c \"$WITH_ENVIRONMENT ../node_modules/@sentry/react-native/scripts/collect-modules.sh\"\nelse\n    set -e\n\n    WITH_ENVIRONMENT=\"../node_modules/react-native/scripts/xcode/with-environment.sh\"\n    REACT_NATIVE_XCODE=\"../node_modules/react-native/scripts/react-native-xcode.sh\"\n\n    /bin/sh -c \"$WITH_ENVIRONMENT $REACT_NATIVE_XCODE\"\nfi\n";
		};
		0C00B09E3B1D4C7DAD555F4E /* Upload Debug Symbols to Sentry */ = {
			isa = PBXShellScriptBuildPhase;
			buildActionMask = 2147483647;
			files = (
			);
			inputPaths = (
			);
			name = "Upload Debug Symbols to Sentry";
			outputPaths = (
			);
			runOnlyForDeploymentPostprocessing = 0;
			shellPath = /bin/sh;
			shellScript = "\nif [ \"$CI\" = \"true\" ]; then\n    WITH_ENVIRONMENT=\"../node_modules/react-native/scripts/xcode/with-environment.sh\"\n    if [ -f \"$WITH_ENVIRONMENT\" ]; then\n        . \"$WITH_ENVIRONMENT\"\n    fi \n    export SENTRY_PROPERTIES=sentry.properties\n    [ \"$SENTRY_INCLUDE_NATIVE_SOURCES\" = \"true\" ] && INCLUDE_SOURCES_FLAG=\"--include-sources\" || INCLUDE_SOURCES_FLAG=\"\"\n    ../node_modules/@sentry/cli/bin/sentry-cli debug-files upload \"$INCLUDE_SOURCES_FLAG\" \"$DWARF_DSYM_FOLDER_PATH\"\nfi\n";
		};
		1D71FE28BC374243A5328FFF /* [CP] Copy Pods Resources */ = {
			isa = PBXShellScriptBuildPhase;
			buildActionMask = 2147483647;
			files = (
			);
			inputFileListPaths = (
				"${PODS_ROOT}/Target Support Files/Pods-RNMobileApp/Pods-RNMobileApp-resources-${CONFIGURATION}-input-files.xcfilelist",
			);
			name = "[CP] Copy Pods Resources";
			outputFileListPaths = (
				"${PODS_ROOT}/Target Support Files/Pods-RNMobileApp/Pods-RNMobileApp-resources-${CONFIGURATION}-output-files.xcfilelist",
			);
			runOnlyForDeploymentPostprocessing = 0;
			shellPath = /bin/sh;
			shellScript = "\"${PODS_ROOT}/Target Support Files/Pods-RNMobileApp/Pods-RNMobileApp-resources.sh\"\n";
			showEnvVarsInLog = 0;
		};
		3E58F50E14D306B131986CB9 /* [CP] Check Pods Manifest.lock */ = {
			isa = PBXShellScriptBuildPhase;
			buildActionMask = 2147483647;
			files = (
			);
			inputFileListPaths = (
			);
			inputPaths = (
				"${PODS_PODFILE_DIR_PATH}/Podfile.lock",
				"${PODS_ROOT}/Manifest.lock",
			);
			name = "[CP] Check Pods Manifest.lock";
			outputFileListPaths = (
			);
			outputPaths = (
				"$(DERIVED_FILE_DIR)/Pods-RNMobileApp-checkManifestLockResult.txt",
			);
			runOnlyForDeploymentPostprocessing = 0;
			shellPath = /bin/sh;
			shellScript = "diff \"${PODS_PODFILE_DIR_PATH}/Podfile.lock\" \"${PODS_ROOT}/Manifest.lock\" > /dev/null\nif [ $? != 0 ] ; then\n    # print error to STDERR\n    echo \"error: The sandbox is not in sync with the Podfile.lock. Run 'pod install' or update your CocoaPods installation.\" >&2\n    exit 1\nfi\n# This output is used by Xcode 'outputs' to avoid re-running this script phase.\necho \"SUCCESS\" > \"${SCRIPT_OUTPUT_FILE_0}\"\n";
			showEnvVarsInLog = 0;
		};
		9497FC4698681AEFD475D10A /* [CP] Check Pods Manifest.lock */ = {
			isa = PBXShellScriptBuildPhase;
			buildActionMask = 2147483647;
			files = (
			);
			inputFileListPaths = (
			);
			inputPaths = (
				"${PODS_PODFILE_DIR_PATH}/Podfile.lock",
				"${PODS_ROOT}/Manifest.lock",
			);
			name = "[CP] Check Pods Manifest.lock";
			outputFileListPaths = (
			);
			outputPaths = (
				"$(DERIVED_FILE_DIR)/Pods-OneSignalNotificationServiceExtension-checkManifestLockResult.txt",
			);
			runOnlyForDeploymentPostprocessing = 0;
			shellPath = /bin/sh;
			shellScript = "diff \"${PODS_PODFILE_DIR_PATH}/Podfile.lock\" \"${PODS_ROOT}/Manifest.lock\" > /dev/null\nif [ $? != 0 ] ; then\n    # print error to STDERR\n    echo \"error: The sandbox is not in sync with the Podfile.lock. Run 'pod install' or update your CocoaPods installation.\" >&2\n    exit 1\nfi\n# This output is used by Xcode 'outputs' to avoid re-running this script phase.\necho \"SUCCESS\" > \"${SCRIPT_OUTPUT_FILE_0}\"\n";
			showEnvVarsInLog = 0;
		};
		DE5BD9A02E2957FB54BCA24F /* [CP] Embed Pods Frameworks */ = {
			isa = PBXShellScriptBuildPhase;
			buildActionMask = 2147483647;
			files = (
			);
			inputFileListPaths = (
				"${PODS_ROOT}/Target Support Files/Pods-RNMobileApp/Pods-RNMobileApp-frameworks-${CONFIGURATION}-input-files.xcfilelist",
			);
			name = "[CP] Embed Pods Frameworks";
			outputFileListPaths = (
				"${PODS_ROOT}/Target Support Files/Pods-RNMobileApp/Pods-RNMobileApp-frameworks-${CONFIGURATION}-output-files.xcfilelist",
			);
			runOnlyForDeploymentPostprocessing = 0;
			shellPath = /bin/sh;
			shellScript = "\"${PODS_ROOT}/Target Support Files/Pods-RNMobileApp/Pods-RNMobileApp-frameworks.sh\"\n";
			showEnvVarsInLog = 0;
		};
		FD10A7F022414F080027D42C /* Start Packager */ = {
			isa = PBXShellScriptBuildPhase;
			buildActionMask = 2147483647;
			files = (
			);
			inputFileListPaths = (
			);
			inputPaths = (
			);
			name = "Start Packager";
			outputFileListPaths = (
			);
			outputPaths = (
			);
			runOnlyForDeploymentPostprocessing = 0;
			shellPath = /bin/sh;
			shellScript = "export RCT_METRO_PORT=\"${RCT_METRO_PORT:=8081}\"\necho \"export RCT_METRO_PORT=${RCT_METRO_PORT}\" > \"${SRCROOT}/../node_modules/react-native/scripts/.packager.env\"\nif [ -z \"${RCT_NO_LAUNCH_PACKAGER+xxx}\" ] ; then\n  if nc -w 5 -z localhost ${RCT_METRO_PORT} ; then\n    if ! curl -s \"http://localhost:${RCT_METRO_PORT}/status\" | grep -q \"packager-status:running\" ; then\n      echo \"Port ${RCT_METRO_PORT} already in use, packager is either not running or not running correctly\"\n      exit 2\n    fi\n  else\n    open \"$SRCROOT/../node_modules/react-native/scripts/launchPackager.command\" || echo \"Can't start packager automatically\"\n  fi\nfi\n";
			showEnvVarsInLog = 0;
		};
/* End PBXShellScriptBuildPhase section */

/* Begin PBXSourcesBuildPhase section */
		13B07F871A680F5B00A75B9A /* Sources */ = {
			isa = PBXSourcesBuildPhase;
			buildActionMask = 2147483647;
			files = (
				13B07FBC1A68108700A75B9A /* AppDelegate.mm in Sources */,
				13B07FC11A68108700A75B9A /* main.m in Sources */,
			);
			runOnlyForDeploymentPostprocessing = 0;
		};
		54D3FD9F2AE28EE40027F224 /* Sources */ = {
			isa = PBXSourcesBuildPhase;
			buildActionMask = 2147483647;
			files = (
				54D3FDA62AE28EE40027F224 /* NotificationService.swift in Sources */,
			);
			runOnlyForDeploymentPostprocessing = 0;
		};
/* End PBXSourcesBuildPhase section */

/* Begin PBXTargetDependency section */
		54D3FDA92AE28EE40027F224 /* PBXTargetDependency */ = {
			isa = PBXTargetDependency;
			target = 54D3FDA22AE28EE40027F224 /* OneSignalNotificationServiceExtension */;
			targetProxy = 54D3FDA82AE28EE40027F224 /* PBXContainerItemProxy */;
		};
/* End PBXTargetDependency section */

/* Begin XCBuildConfiguration section */
		13B07F941A680F5B00A75B9A /* DebugDev */ = {
			isa = XCBuildConfiguration;
			baseConfigurationReference = ADA6F5D540325D2F507E6FE2 /* Pods-RNMobileApp.debugdev.xcconfig */;
			buildSettings = {
				ALWAYS_EMBED_SWIFT_STANDARD_LIBRARIES = YES;
				ASSETCATALOG_COMPILER_APPICON_NAME = AppIcon;
				ASSETCATALOG_COMPILER_INCLUDE_ALL_APPICON_ASSETS = YES;
				CLANG_ENABLE_MODULES = YES;
				CODE_SIGN_ENTITLEMENTS = RNMobileApp/RNMobileApp.entitlements;
				CODE_SIGN_IDENTITY = "Apple Development";
				"CODE_SIGN_IDENTITY[sdk=iphoneos*]" = "iPhone Distribution";
				CODE_SIGN_STYLE = Manual;
				CURRENT_PROJECT_VERSION = 1;
				DEVELOPMENT_TEAM = "";
				"DEVELOPMENT_TEAM[sdk=iphoneos*]" = 85TJ6UUY75;
				ENABLE_BITCODE = NO;
				INFOPLIST_FILE = RNMobileApp/Info.plist;
				INFOPLIST_KEY_CFBundleDisplayName = "⚠️ Gardão App";
				INFOPLIST_KEY_LSApplicationCategoryType = "public.app-category.healthcare-fitness";
				IPHONEOS_DEPLOYMENT_TARGET = 13.4;
				LD_RUNPATH_SEARCH_PATHS = (
					"$(inherited)",
					"@executable_path/Frameworks",
				);
				MARKETING_VERSION = 1.0;
				OTHER_LDFLAGS = (
					"$(inherited)",
					"-ObjC",
					"-lc++",
				);
				OTHER_SWIFT_FLAGS = "$(inherited) -D EXPO_CONFIGURATION_DEBUG";
				PRODUCT_BUNDLE_IDENTIFIER = pt.rainbowapps.gardao.app.debug;
				PRODUCT_NAME = RNMobileApp;
				PROVISIONING_PROFILE_SPECIFIER = "";
				"PROVISIONING_PROFILE_SPECIFIER[sdk=iphoneos*]" = "match AppStore pt.mobiweb.framework.RNMobileApp";
				SUPPORTED_PLATFORMS = "iphoneos iphonesimulator";
				SUPPORTS_MACCATALYST = NO;
				SUPPORTS_XR_DESIGNED_FOR_IPHONE_IPAD = NO;
				SWIFT_OPTIMIZATION_LEVEL = "-Onone";
				SWIFT_VERSION = 5.0;
				TARGETED_DEVICE_FAMILY = 1;
				VERSIONING_SYSTEM = "apple-generic";
			};
			name = DebugDev;
		};
		13B07F951A680F5B00A75B9A /* ReleaseProd */ = {
			isa = XCBuildConfiguration;
			baseConfigurationReference = 0D4A1C7E888CC3833FA7B47E /* Pods-RNMobileApp.releaseprod.xcconfig */;
			buildSettings = {
				ALWAYS_EMBED_SWIFT_STANDARD_LIBRARIES = YES;
				ASSETCATALOG_COMPILER_APPICON_NAME = AppIcon;
				ASSETCATALOG_COMPILER_INCLUDE_ALL_APPICON_ASSETS = YES;
				CLANG_ENABLE_MODULES = YES;
				CODE_SIGN_ENTITLEMENTS = RNMobileApp/RNMobileApp.entitlements;
				CODE_SIGN_IDENTITY = "Apple Development";
				"CODE_SIGN_IDENTITY[sdk=iphoneos*]" = "iPhone Distribution";
				CODE_SIGN_STYLE = Manual;
				CURRENT_PROJECT_VERSION = 1;
				DEVELOPMENT_TEAM = "";
				"DEVELOPMENT_TEAM[sdk=iphoneos*]" = 85TJ6UUY75;
				INFOPLIST_FILE = RNMobileApp/Info.plist;
				INFOPLIST_KEY_CFBundleDisplayName = "Gardão App";
				INFOPLIST_KEY_LSApplicationCategoryType = "public.app-category.healthcare-fitness";
				IPHONEOS_DEPLOYMENT_TARGET = 13.4;
				LD_RUNPATH_SEARCH_PATHS = (
					"$(inherited)",
					"@executable_path/Frameworks",
				);
				MARKETING_VERSION = 1.0;
				OTHER_LDFLAGS = (
					"$(inherited)",
					"-ObjC",
					"-lc++",
				);
				OTHER_SWIFT_FLAGS = "$(inherited) -D EXPO_CONFIGURATION_RELEASE";
				PRODUCT_BUNDLE_IDENTIFIER = pt.rainbowapps.gardao.app;
				PRODUCT_NAME = RNMobileApp;
				PROVISIONING_PROFILE_SPECIFIER = "";
				"PROVISIONING_PROFILE_SPECIFIER[sdk=iphoneos*]" = "match AppStore pt.mobiweb.framework.RNMobileApp";
				SUPPORTED_PLATFORMS = "iphoneos iphonesimulator";
				SUPPORTS_MACCATALYST = NO;
				SUPPORTS_XR_DESIGNED_FOR_IPHONE_IPAD = NO;
				SWIFT_VERSION = 5.0;
				TARGETED_DEVICE_FAMILY = 1;
				VERSIONING_SYSTEM = "apple-generic";
			};
			name = ReleaseProd;
		};
		5329A80A2C51BBE9006A90D5 /* DebugStg */ = {
			isa = XCBuildConfiguration;
			buildSettings = {
				ALWAYS_SEARCH_USER_PATHS = NO;
				CC = "";
				CLANG_ANALYZER_LOCALIZABILITY_NONLOCALIZED = YES;
				CLANG_CXX_LANGUAGE_STANDARD = "gnu++14";
				CLANG_CXX_LIBRARY = "libc++";
				CLANG_ENABLE_MODULES = YES;
				CLANG_ENABLE_OBJC_ARC = YES;
				CLANG_WARN_BLOCK_CAPTURE_AUTORELEASING = YES;
				CLANG_WARN_BOOL_CONVERSION = YES;
				CLANG_WARN_COMMA = YES;
				CLANG_WARN_CONSTANT_CONVERSION = YES;
				CLANG_WARN_DEPRECATED_OBJC_IMPLEMENTATIONS = YES;
				CLANG_WARN_DIRECT_OBJC_ISA_USAGE = YES_ERROR;
				CLANG_WARN_EMPTY_BODY = YES;
				CLANG_WARN_ENUM_CONVERSION = YES;
				CLANG_WARN_INFINITE_RECURSION = YES;
				CLANG_WARN_INT_CONVERSION = YES;
				CLANG_WARN_NON_LITERAL_NULL_CONVERSION = YES;
				CLANG_WARN_OBJC_IMPLICIT_RETAIN_SELF = YES;
				CLANG_WARN_OBJC_LITERAL_CONVERSION = YES;
				CLANG_WARN_OBJC_ROOT_CLASS = YES_ERROR;
				CLANG_WARN_QUOTED_INCLUDE_IN_FRAMEWORK_HEADER = YES;
				CLANG_WARN_RANGE_LOOP_ANALYSIS = YES;
				CLANG_WARN_STRICT_PROTOTYPES = YES;
				CLANG_WARN_SUSPICIOUS_MOVE = YES;
				CLANG_WARN_UNREACHABLE_CODE = YES;
				CLANG_WARN__DUPLICATE_METHOD_MATCH = YES;
				"CODE_SIGN_IDENTITY[sdk=iphoneos*]" = "iPhone Developer";
				COPY_PHASE_STRIP = NO;
				CXX = "";
				ENABLE_STRICT_OBJC_MSGSEND = YES;
				ENABLE_TESTABILITY = YES;
				"EXCLUDED_ARCHS[sdk=iphonesimulator*]" = i386;
				GCC_C_LANGUAGE_STANDARD = gnu99;
				GCC_DYNAMIC_NO_PIC = NO;
				GCC_NO_COMMON_BLOCKS = YES;
				GCC_OPTIMIZATION_LEVEL = 0;
				GCC_PREPROCESSOR_DEFINITIONS = (
					"DEBUG=1",
					"$(inherited)",
					_LIBCPP_ENABLE_CXX17_REMOVED_UNARY_BINARY_FUNCTION,
				);
				GCC_SYMBOLS_PRIVATE_EXTERN = NO;
				GCC_WARN_64_TO_32_BIT_CONVERSION = YES;
				GCC_WARN_ABOUT_RETURN_TYPE = YES_ERROR;
				GCC_WARN_UNDECLARED_SELECTOR = YES;
				GCC_WARN_UNINITIALIZED_AUTOS = YES_AGGRESSIVE;
				GCC_WARN_UNUSED_FUNCTION = YES;
				GCC_WARN_UNUSED_VARIABLE = YES;
				IPHONEOS_DEPLOYMENT_TARGET = 13.4;
				LD = "";
				LDPLUSPLUS = "";
				LD_RUNPATH_SEARCH_PATHS = (
					/usr/lib/swift,
					"$(inherited)",
				);
				LIBRARY_SEARCH_PATHS = (
					"\"$(SDKROOT)/usr/lib/swift\"",
					"\"$(TOOLCHAIN_DIR)/usr/lib/swift/$(PLATFORM_NAME)\"",
					"\"$(inherited)\"",
				);
				MTL_ENABLE_DEBUG_INFO = YES;
				ONLY_ACTIVE_ARCH = YES;
				OTHER_CFLAGS = "$(inherited)";
				OTHER_CPLUSPLUSFLAGS = (
					"$(OTHER_CFLAGS)",
					"-DFOLLY_NO_CONFIG",
					"-DFOLLY_MOBILE=1",
					"-DFOLLY_USE_LIBCPP=1",
				);
				OTHER_LDFLAGS = "$(inherited)";
				REACT_NATIVE_PATH = "${PODS_ROOT}/../../node_modules/react-native";
				SDKROOT = iphoneos;
				USE_HERMES = true;
			};
			name = DebugStg;
		};
		5329A80B2C51BBE9006A90D5 /* DebugStg */ = {
			isa = XCBuildConfiguration;
			baseConfigurationReference = E25DA5604DBD1C865B48B6F2 /* Pods-RNMobileApp.debugstg.xcconfig */;
			buildSettings = {
				ALWAYS_EMBED_SWIFT_STANDARD_LIBRARIES = YES;
				ASSETCATALOG_COMPILER_APPICON_NAME = AppIcon;
				ASSETCATALOG_COMPILER_INCLUDE_ALL_APPICON_ASSETS = YES;
				CLANG_ENABLE_MODULES = YES;
				CODE_SIGN_ENTITLEMENTS = RNMobileApp/RNMobileApp.entitlements;
				CODE_SIGN_IDENTITY = "Apple Development";
				"CODE_SIGN_IDENTITY[sdk=iphoneos*]" = "iPhone Distribution";
				CODE_SIGN_STYLE = Manual;
				CURRENT_PROJECT_VERSION = 1;
				DEVELOPMENT_TEAM = "";
				"DEVELOPMENT_TEAM[sdk=iphoneos*]" = 85TJ6UUY75;
				ENABLE_BITCODE = NO;
				INFOPLIST_FILE = RNMobileApp/Info.plist;
				INFOPLIST_KEY_CFBundleDisplayName = "⚠️ Gardão App";
				INFOPLIST_KEY_LSApplicationCategoryType = "public.app-category.healthcare-fitness";
				IPHONEOS_DEPLOYMENT_TARGET = 13.4;
				LD_RUNPATH_SEARCH_PATHS = (
					"$(inherited)",
					"@executable_path/Frameworks",
				);
				MARKETING_VERSION = 1.0;
				OTHER_LDFLAGS = (
					"$(inherited)",
					"-ObjC",
					"-lc++",
				);
				OTHER_SWIFT_FLAGS = "$(inherited) -D EXPO_CONFIGURATION_DEBUG";
				PRODUCT_BUNDLE_IDENTIFIER = pt.rainbowapps.gardao.app.debug;
				PRODUCT_NAME = RNMobileApp;
				PROVISIONING_PROFILE_SPECIFIER = "";
				"PROVISIONING_PROFILE_SPECIFIER[sdk=iphoneos*]" = "match AppStore pt.mobiweb.framework.RNMobileApp";
				SUPPORTED_PLATFORMS = "iphoneos iphonesimulator";
				SUPPORTS_MACCATALYST = NO;
				SUPPORTS_XR_DESIGNED_FOR_IPHONE_IPAD = NO;
				SWIFT_OPTIMIZATION_LEVEL = "-Onone";
				SWIFT_VERSION = 5.0;
				TARGETED_DEVICE_FAMILY = 1;
				VERSIONING_SYSTEM = "apple-generic";
			};
			name = DebugStg;
		};
		5329A80C2C51BBE9006A90D5 /* DebugStg */ = {
			isa = XCBuildConfiguration;
			baseConfigurationReference = DDF7EB095DE0364B652183F0 /* Pods-OneSignalNotificationServiceExtension.debugstg.xcconfig */;
			buildSettings = {
				ASSETCATALOG_COMPILER_GENERATE_SWIFT_ASSET_SYMBOL_EXTENSIONS = YES;
				CLANG_ANALYZER_NONNULL = YES;
				CLANG_ANALYZER_NUMBER_OBJECT_CONVERSION = YES_AGGRESSIVE;
				CLANG_CXX_LANGUAGE_STANDARD = "gnu++20";
				CLANG_ENABLE_OBJC_WEAK = YES;
				CLANG_WARN_DOCUMENTATION_COMMENTS = YES;
				CLANG_WARN_UNGUARDED_AVAILABILITY = YES_AGGRESSIVE;
				CODE_SIGN_IDENTITY = "Apple Development";
				"CODE_SIGN_IDENTITY[sdk=iphoneos*]" = "iPhone Distribution";
				CODE_SIGN_STYLE = Manual;
				CURRENT_PROJECT_VERSION = 1;
				DEBUG_INFORMATION_FORMAT = dwarf;
				DEVELOPMENT_TEAM = "";
				"DEVELOPMENT_TEAM[sdk=iphoneos*]" = 85TJ6UUY75;
				ENABLE_USER_SCRIPT_SANDBOXING = YES;
				GCC_C_LANGUAGE_STANDARD = gnu17;
				GCC_PREPROCESSOR_DEFINITIONS = (
					"DEBUG=1",
					"$(inherited)",
				);
				GENERATE_INFOPLIST_FILE = YES;
				INFOPLIST_FILE = OneSignalNotificationServiceExtension/Info.plist;
				INFOPLIST_KEY_CFBundleDisplayName = OneSignalNotificationServiceExtension;
				INFOPLIST_KEY_NSHumanReadableCopyright = "";
				IPHONEOS_DEPLOYMENT_TARGET = 13.4;
				LD_RUNPATH_SEARCH_PATHS = (
					"$(inherited)",
					"@executable_path/Frameworks",
					"@executable_path/../../Frameworks",
				);
				LOCALIZATION_PREFERS_STRING_CATALOGS = YES;
				MARKETING_VERSION = 1.0;
				MTL_ENABLE_DEBUG_INFO = INCLUDE_SOURCE;
				MTL_FAST_MATH = YES;
				OTHER_SWIFT_FLAGS = "$(inherited) -D EXPO_CONFIGURATION_DEBUG";
				PRODUCT_BUNDLE_IDENTIFIER = pt.rainbowapps.gardao.app.debug.OneSignalNotificationServiceExtension;
				PRODUCT_NAME = "$(TARGET_NAME)";
				PROVISIONING_PROFILE_SPECIFIER = "";
				"PROVISIONING_PROFILE_SPECIFIER[sdk=iphoneos*]" = "match AppStore pt.mobiweb.framework.RNMobileApp.OneSignalNotificationServiceExtension";
				SKIP_INSTALL = YES;
				SUPPORTED_PLATFORMS = "iphoneos iphonesimulator";
				SUPPORTS_MACCATALYST = NO;
				SUPPORTS_XR_DESIGNED_FOR_IPHONE_IPAD = NO;
				SWIFT_ACTIVE_COMPILATION_CONDITIONS = "DEBUG $(inherited)";
				SWIFT_EMIT_LOC_STRINGS = YES;
				SWIFT_OPTIMIZATION_LEVEL = "-Onone";
				SWIFT_VERSION = 5.0;
				TARGETED_DEVICE_FAMILY = 1;
			};
			name = DebugStg;
		};
		5329A80D2C51BBF3006A90D5 /* DebugProd */ = {
			isa = XCBuildConfiguration;
			buildSettings = {
				ALWAYS_SEARCH_USER_PATHS = NO;
				CC = "";
				CLANG_ANALYZER_LOCALIZABILITY_NONLOCALIZED = YES;
				CLANG_CXX_LANGUAGE_STANDARD = "gnu++14";
				CLANG_CXX_LIBRARY = "libc++";
				CLANG_ENABLE_MODULES = YES;
				CLANG_ENABLE_OBJC_ARC = YES;
				CLANG_WARN_BLOCK_CAPTURE_AUTORELEASING = YES;
				CLANG_WARN_BOOL_CONVERSION = YES;
				CLANG_WARN_COMMA = YES;
				CLANG_WARN_CONSTANT_CONVERSION = YES;
				CLANG_WARN_DEPRECATED_OBJC_IMPLEMENTATIONS = YES;
				CLANG_WARN_DIRECT_OBJC_ISA_USAGE = YES_ERROR;
				CLANG_WARN_EMPTY_BODY = YES;
				CLANG_WARN_ENUM_CONVERSION = YES;
				CLANG_WARN_INFINITE_RECURSION = YES;
				CLANG_WARN_INT_CONVERSION = YES;
				CLANG_WARN_NON_LITERAL_NULL_CONVERSION = YES;
				CLANG_WARN_OBJC_IMPLICIT_RETAIN_SELF = YES;
				CLANG_WARN_OBJC_LITERAL_CONVERSION = YES;
				CLANG_WARN_OBJC_ROOT_CLASS = YES_ERROR;
				CLANG_WARN_QUOTED_INCLUDE_IN_FRAMEWORK_HEADER = YES;
				CLANG_WARN_RANGE_LOOP_ANALYSIS = YES;
				CLANG_WARN_STRICT_PROTOTYPES = YES;
				CLANG_WARN_SUSPICIOUS_MOVE = YES;
				CLANG_WARN_UNREACHABLE_CODE = YES;
				CLANG_WARN__DUPLICATE_METHOD_MATCH = YES;
				"CODE_SIGN_IDENTITY[sdk=iphoneos*]" = "iPhone Developer";
				COPY_PHASE_STRIP = NO;
				CXX = "";
				ENABLE_STRICT_OBJC_MSGSEND = YES;
				ENABLE_TESTABILITY = YES;
				"EXCLUDED_ARCHS[sdk=iphonesimulator*]" = i386;
				GCC_C_LANGUAGE_STANDARD = gnu99;
				GCC_DYNAMIC_NO_PIC = NO;
				GCC_NO_COMMON_BLOCKS = YES;
				GCC_OPTIMIZATION_LEVEL = 0;
				GCC_PREPROCESSOR_DEFINITIONS = (
					"DEBUG=1",
					"$(inherited)",
					_LIBCPP_ENABLE_CXX17_REMOVED_UNARY_BINARY_FUNCTION,
				);
				GCC_SYMBOLS_PRIVATE_EXTERN = NO;
				GCC_WARN_64_TO_32_BIT_CONVERSION = YES;
				GCC_WARN_ABOUT_RETURN_TYPE = YES_ERROR;
				GCC_WARN_UNDECLARED_SELECTOR = YES;
				GCC_WARN_UNINITIALIZED_AUTOS = YES_AGGRESSIVE;
				GCC_WARN_UNUSED_FUNCTION = YES;
				GCC_WARN_UNUSED_VARIABLE = YES;
				IPHONEOS_DEPLOYMENT_TARGET = 13.4;
				LD = "";
				LDPLUSPLUS = "";
				LD_RUNPATH_SEARCH_PATHS = (
					/usr/lib/swift,
					"$(inherited)",
				);
				LIBRARY_SEARCH_PATHS = (
					"\"$(SDKROOT)/usr/lib/swift\"",
					"\"$(TOOLCHAIN_DIR)/usr/lib/swift/$(PLATFORM_NAME)\"",
					"\"$(inherited)\"",
				);
				MTL_ENABLE_DEBUG_INFO = YES;
				ONLY_ACTIVE_ARCH = YES;
				OTHER_CFLAGS = "$(inherited)";
				OTHER_CPLUSPLUSFLAGS = (
					"$(OTHER_CFLAGS)",
					"-DFOLLY_NO_CONFIG",
					"-DFOLLY_MOBILE=1",
					"-DFOLLY_USE_LIBCPP=1",
				);
				OTHER_LDFLAGS = "$(inherited)";
				REACT_NATIVE_PATH = "${PODS_ROOT}/../../node_modules/react-native";
				SDKROOT = iphoneos;
				USE_HERMES = true;
			};
			name = DebugProd;
		};
		5329A80E2C51BBF3006A90D5 /* DebugProd */ = {
			isa = XCBuildConfiguration;
			baseConfigurationReference = 082617F4B8484F2236AFE340 /* Pods-RNMobileApp.debugprod.xcconfig */;
			buildSettings = {
				ALWAYS_EMBED_SWIFT_STANDARD_LIBRARIES = YES;
				ASSETCATALOG_COMPILER_APPICON_NAME = AppIcon;
				ASSETCATALOG_COMPILER_INCLUDE_ALL_APPICON_ASSETS = YES;
				CLANG_ENABLE_MODULES = YES;
				CODE_SIGN_ENTITLEMENTS = RNMobileApp/RNMobileApp.entitlements;
				CODE_SIGN_IDENTITY = "Apple Development";
				"CODE_SIGN_IDENTITY[sdk=iphoneos*]" = "iPhone Distribution";
				CODE_SIGN_STYLE = Manual;
				CURRENT_PROJECT_VERSION = 1;
				DEVELOPMENT_TEAM = "";
				"DEVELOPMENT_TEAM[sdk=iphoneos*]" = 85TJ6UUY75;
				ENABLE_BITCODE = NO;
				INFOPLIST_FILE = RNMobileApp/Info.plist;
				INFOPLIST_KEY_CFBundleDisplayName = "⚠️ Gardão App";
				INFOPLIST_KEY_LSApplicationCategoryType = "public.app-category.healthcare-fitness";
				IPHONEOS_DEPLOYMENT_TARGET = 13.4;
				LD_RUNPATH_SEARCH_PATHS = (
					"$(inherited)",
					"@executable_path/Frameworks",
				);
				MARKETING_VERSION = 1.0;
				OTHER_LDFLAGS = (
					"$(inherited)",
					"-ObjC",
					"-lc++",
				);
				OTHER_SWIFT_FLAGS = "$(inherited) -D EXPO_CONFIGURATION_DEBUG";
				PRODUCT_BUNDLE_IDENTIFIER = pt.rainbowapps.gardao.app.debug;
				PRODUCT_NAME = RNMobileApp;
				PROVISIONING_PROFILE_SPECIFIER = "";
				"PROVISIONING_PROFILE_SPECIFIER[sdk=iphoneos*]" = "match AppStore pt.mobiweb.framework.RNMobileApp";
				SUPPORTED_PLATFORMS = "iphoneos iphonesimulator";
				SUPPORTS_MACCATALYST = NO;
				SUPPORTS_XR_DESIGNED_FOR_IPHONE_IPAD = NO;
				SWIFT_OPTIMIZATION_LEVEL = "-Onone";
				SWIFT_VERSION = 5.0;
				TARGETED_DEVICE_FAMILY = 1;
				VERSIONING_SYSTEM = "apple-generic";
			};
			name = DebugProd;
		};
		5329A80F2C51BBF3006A90D5 /* DebugProd */ = {
			isa = XCBuildConfiguration;
			baseConfigurationReference = BD7AF265F186DA72D198CC3C /* Pods-OneSignalNotificationServiceExtension.debugprod.xcconfig */;
			buildSettings = {
				ASSETCATALOG_COMPILER_GENERATE_SWIFT_ASSET_SYMBOL_EXTENSIONS = YES;
				CLANG_ANALYZER_NONNULL = YES;
				CLANG_ANALYZER_NUMBER_OBJECT_CONVERSION = YES_AGGRESSIVE;
				CLANG_CXX_LANGUAGE_STANDARD = "gnu++20";
				CLANG_ENABLE_OBJC_WEAK = YES;
				CLANG_WARN_DOCUMENTATION_COMMENTS = YES;
				CLANG_WARN_UNGUARDED_AVAILABILITY = YES_AGGRESSIVE;
				CODE_SIGN_IDENTITY = "Apple Development";
				"CODE_SIGN_IDENTITY[sdk=iphoneos*]" = "iPhone Distribution";
				CODE_SIGN_STYLE = Manual;
				CURRENT_PROJECT_VERSION = 1;
				DEBUG_INFORMATION_FORMAT = dwarf;
				DEVELOPMENT_TEAM = "";
				"DEVELOPMENT_TEAM[sdk=iphoneos*]" = 85TJ6UUY75;
				ENABLE_USER_SCRIPT_SANDBOXING = YES;
				GCC_C_LANGUAGE_STANDARD = gnu17;
				GCC_PREPROCESSOR_DEFINITIONS = (
					"DEBUG=1",
					"$(inherited)",
				);
				GENERATE_INFOPLIST_FILE = YES;
				INFOPLIST_FILE = OneSignalNotificationServiceExtension/Info.plist;
				INFOPLIST_KEY_CFBundleDisplayName = OneSignalNotificationServiceExtension;
				INFOPLIST_KEY_NSHumanReadableCopyright = "";
				IPHONEOS_DEPLOYMENT_TARGET = 13.4;
				LD_RUNPATH_SEARCH_PATHS = (
					"$(inherited)",
					"@executable_path/Frameworks",
					"@executable_path/../../Frameworks",
				);
				LOCALIZATION_PREFERS_STRING_CATALOGS = YES;
				MARKETING_VERSION = 1.0;
				MTL_ENABLE_DEBUG_INFO = INCLUDE_SOURCE;
				MTL_FAST_MATH = YES;
				OTHER_SWIFT_FLAGS = "$(inherited) -D EXPO_CONFIGURATION_DEBUG";
				PRODUCT_BUNDLE_IDENTIFIER = pt.rainbowapps.gardao.app.debug.OneSignalNotificationServiceExtension;
				PRODUCT_NAME = "$(TARGET_NAME)";
				PROVISIONING_PROFILE_SPECIFIER = "";
				"PROVISIONING_PROFILE_SPECIFIER[sdk=iphoneos*]" = "match AppStore pt.mobiweb.framework.RNMobileApp.OneSignalNotificationServiceExtension";
				SKIP_INSTALL = YES;
				SUPPORTED_PLATFORMS = "iphoneos iphonesimulator";
				SUPPORTS_MACCATALYST = NO;
				SUPPORTS_XR_DESIGNED_FOR_IPHONE_IPAD = NO;
				SWIFT_ACTIVE_COMPILATION_CONDITIONS = "DEBUG $(inherited)";
				SWIFT_EMIT_LOC_STRINGS = YES;
				SWIFT_OPTIMIZATION_LEVEL = "-Onone";
				SWIFT_VERSION = 5.0;
				TARGETED_DEVICE_FAMILY = 1;
			};
			name = DebugProd;
		};
		5329A8102C51BC03006A90D5 /* ReleaseDev */ = {
			isa = XCBuildConfiguration;
			buildSettings = {
				ALWAYS_SEARCH_USER_PATHS = NO;
				CC = "";
				CLANG_ANALYZER_LOCALIZABILITY_NONLOCALIZED = YES;
				CLANG_CXX_LANGUAGE_STANDARD = "gnu++14";
				CLANG_CXX_LIBRARY = "libc++";
				CLANG_ENABLE_MODULES = YES;
				CLANG_ENABLE_OBJC_ARC = YES;
				CLANG_WARN_BLOCK_CAPTURE_AUTORELEASING = YES;
				CLANG_WARN_BOOL_CONVERSION = YES;
				CLANG_WARN_COMMA = YES;
				CLANG_WARN_CONSTANT_CONVERSION = YES;
				CLANG_WARN_DEPRECATED_OBJC_IMPLEMENTATIONS = YES;
				CLANG_WARN_DIRECT_OBJC_ISA_USAGE = YES_ERROR;
				CLANG_WARN_EMPTY_BODY = YES;
				CLANG_WARN_ENUM_CONVERSION = YES;
				CLANG_WARN_INFINITE_RECURSION = YES;
				CLANG_WARN_INT_CONVERSION = YES;
				CLANG_WARN_NON_LITERAL_NULL_CONVERSION = YES;
				CLANG_WARN_OBJC_IMPLICIT_RETAIN_SELF = YES;
				CLANG_WARN_OBJC_LITERAL_CONVERSION = YES;
				CLANG_WARN_OBJC_ROOT_CLASS = YES_ERROR;
				CLANG_WARN_QUOTED_INCLUDE_IN_FRAMEWORK_HEADER = YES;
				CLANG_WARN_RANGE_LOOP_ANALYSIS = YES;
				CLANG_WARN_STRICT_PROTOTYPES = YES;
				CLANG_WARN_SUSPICIOUS_MOVE = YES;
				CLANG_WARN_UNREACHABLE_CODE = YES;
				CLANG_WARN__DUPLICATE_METHOD_MATCH = YES;
				"CODE_SIGN_IDENTITY[sdk=iphoneos*]" = "iPhone Developer";
				COPY_PHASE_STRIP = YES;
				CXX = "";
				ENABLE_NS_ASSERTIONS = NO;
				ENABLE_STRICT_OBJC_MSGSEND = YES;
				"EXCLUDED_ARCHS[sdk=iphonesimulator*]" = i386;
				GCC_C_LANGUAGE_STANDARD = gnu99;
				GCC_NO_COMMON_BLOCKS = YES;
				GCC_PREPROCESSOR_DEFINITIONS = (
					"$(inherited)",
					_LIBCPP_ENABLE_CXX17_REMOVED_UNARY_BINARY_FUNCTION,
				);
				GCC_WARN_64_TO_32_BIT_CONVERSION = YES;
				GCC_WARN_ABOUT_RETURN_TYPE = YES_ERROR;
				GCC_WARN_UNDECLARED_SELECTOR = YES;
				GCC_WARN_UNINITIALIZED_AUTOS = YES_AGGRESSIVE;
				GCC_WARN_UNUSED_FUNCTION = YES;
				GCC_WARN_UNUSED_VARIABLE = YES;
				IPHONEOS_DEPLOYMENT_TARGET = 13.4;
				LD = "";
				LDPLUSPLUS = "";
				LD_RUNPATH_SEARCH_PATHS = (
					/usr/lib/swift,
					"$(inherited)",
				);
				LIBRARY_SEARCH_PATHS = (
					"\"$(SDKROOT)/usr/lib/swift\"",
					"\"$(TOOLCHAIN_DIR)/usr/lib/swift/$(PLATFORM_NAME)\"",
					"\"$(inherited)\"",
				);
				MTL_ENABLE_DEBUG_INFO = NO;
				OTHER_CFLAGS = "$(inherited)";
				OTHER_CPLUSPLUSFLAGS = (
					"$(OTHER_CFLAGS)",
					"-DFOLLY_NO_CONFIG",
					"-DFOLLY_MOBILE=1",
					"-DFOLLY_USE_LIBCPP=1",
				);
				OTHER_LDFLAGS = "$(inherited)";
				REACT_NATIVE_PATH = "${PODS_ROOT}/../../node_modules/react-native";
				SDKROOT = iphoneos;
				USE_HERMES = true;
				VALIDATE_PRODUCT = YES;
			};
			name = ReleaseDev;
		};
		5329A8112C51BC03006A90D5 /* ReleaseDev */ = {
			isa = XCBuildConfiguration;
			baseConfigurationReference = 6BB9C8A5759BA3E7EBDAD2B5 /* Pods-RNMobileApp.releasedev.xcconfig */;
			buildSettings = {
				ALWAYS_EMBED_SWIFT_STANDARD_LIBRARIES = YES;
				ASSETCATALOG_COMPILER_APPICON_NAME = AppIcon;
				ASSETCATALOG_COMPILER_INCLUDE_ALL_APPICON_ASSETS = YES;
				CLANG_ENABLE_MODULES = YES;
				CODE_SIGN_ENTITLEMENTS = RNMobileApp/RNMobileApp.entitlements;
				CODE_SIGN_IDENTITY = "Apple Development";
				"CODE_SIGN_IDENTITY[sdk=iphoneos*]" = "iPhone Distribution";
				CODE_SIGN_STYLE = Manual;
				CURRENT_PROJECT_VERSION = 1;
				DEVELOPMENT_TEAM = "";
				"DEVELOPMENT_TEAM[sdk=iphoneos*]" = 85TJ6UUY75;
				INFOPLIST_FILE = RNMobileApp/Info.plist;
				INFOPLIST_KEY_CFBundleDisplayName = "(DEV) Gardão App";
				INFOPLIST_KEY_LSApplicationCategoryType = "public.app-category.healthcare-fitness";
				IPHONEOS_DEPLOYMENT_TARGET = 13.4;
				LD_RUNPATH_SEARCH_PATHS = (
					"$(inherited)",
					"@executable_path/Frameworks",
				);
				MARKETING_VERSION = 1.0;
				OTHER_LDFLAGS = (
					"$(inherited)",
					"-ObjC",
					"-lc++",
				);
				OTHER_SWIFT_FLAGS = "$(inherited) -D EXPO_CONFIGURATION_RELEASE";
				PRODUCT_BUNDLE_IDENTIFIER = pt.rainbowapps.gardao.app.dev;
				PRODUCT_NAME = RNMobileApp;
				PROVISIONING_PROFILE_SPECIFIER = "";
				"PROVISIONING_PROFILE_SPECIFIER[sdk=iphoneos*]" = "match AppStore pt.mobiweb.framework.RNMobileApp";
				SUPPORTED_PLATFORMS = "iphoneos iphonesimulator";
				SUPPORTS_MACCATALYST = NO;
				SUPPORTS_XR_DESIGNED_FOR_IPHONE_IPAD = NO;
				SWIFT_VERSION = 5.0;
				TARGETED_DEVICE_FAMILY = 1;
				VERSIONING_SYSTEM = "apple-generic";
			};
			name = ReleaseDev;
		};
		5329A8122C51BC03006A90D5 /* ReleaseDev */ = {
			isa = XCBuildConfiguration;
			baseConfigurationReference = A5E65770B9439A6912305C26 /* Pods-OneSignalNotificationServiceExtension.releasedev.xcconfig */;
			buildSettings = {
				ASSETCATALOG_COMPILER_GENERATE_SWIFT_ASSET_SYMBOL_EXTENSIONS = YES;
				CLANG_ANALYZER_NONNULL = YES;
				CLANG_ANALYZER_NUMBER_OBJECT_CONVERSION = YES_AGGRESSIVE;
				CLANG_CXX_LANGUAGE_STANDARD = "gnu++20";
				CLANG_ENABLE_OBJC_WEAK = YES;
				CLANG_WARN_DOCUMENTATION_COMMENTS = YES;
				CLANG_WARN_UNGUARDED_AVAILABILITY = YES_AGGRESSIVE;
				CODE_SIGN_IDENTITY = "Apple Development";
				"CODE_SIGN_IDENTITY[sdk=iphoneos*]" = "iPhone Distribution";
				CODE_SIGN_STYLE = Manual;
				COPY_PHASE_STRIP = NO;
				CURRENT_PROJECT_VERSION = 1;
				DEBUG_INFORMATION_FORMAT = "dwarf-with-dsym";
				DEVELOPMENT_TEAM = "";
				"DEVELOPMENT_TEAM[sdk=iphoneos*]" = 85TJ6UUY75;
				ENABLE_USER_SCRIPT_SANDBOXING = YES;
				GCC_C_LANGUAGE_STANDARD = gnu17;
				GENERATE_INFOPLIST_FILE = YES;
				INFOPLIST_FILE = OneSignalNotificationServiceExtension/Info.plist;
				INFOPLIST_KEY_CFBundleDisplayName = OneSignalNotificationServiceExtension;
				INFOPLIST_KEY_NSHumanReadableCopyright = "";
				IPHONEOS_DEPLOYMENT_TARGET = 13.4;
				LD_RUNPATH_SEARCH_PATHS = (
					"$(inherited)",
					"@executable_path/Frameworks",
					"@executable_path/../../Frameworks",
				);
				LOCALIZATION_PREFERS_STRING_CATALOGS = YES;
				MARKETING_VERSION = 1.0;
				MTL_FAST_MATH = YES;
				OTHER_SWIFT_FLAGS = "$(inherited) -D EXPO_CONFIGURATION_RELEASE";
				PRODUCT_BUNDLE_IDENTIFIER = pt.rainbowapps.gardao.app.dev.OneSignalNotificationServiceExtension;
				PRODUCT_NAME = "$(TARGET_NAME)";
				PROVISIONING_PROFILE_SPECIFIER = "";
				"PROVISIONING_PROFILE_SPECIFIER[sdk=iphoneos*]" = "match AppStore pt.mobiweb.framework.RNMobileApp.OneSignalNotificationServiceExtension";
				SKIP_INSTALL = YES;
				SUPPORTED_PLATFORMS = "iphoneos iphonesimulator";
				SUPPORTS_MACCATALYST = NO;
				SUPPORTS_XR_DESIGNED_FOR_IPHONE_IPAD = NO;
				SWIFT_COMPILATION_MODE = wholemodule;
				SWIFT_EMIT_LOC_STRINGS = YES;
				SWIFT_VERSION = 5.0;
				TARGETED_DEVICE_FAMILY = 1;
			};
			name = ReleaseDev;
		};
		5329A8132C51BC0C006A90D5 /* ReleaseStg */ = {
			isa = XCBuildConfiguration;
			buildSettings = {
				ALWAYS_SEARCH_USER_PATHS = NO;
				CC = "";
				CLANG_ANALYZER_LOCALIZABILITY_NONLOCALIZED = YES;
				CLANG_CXX_LANGUAGE_STANDARD = "gnu++14";
				CLANG_CXX_LIBRARY = "libc++";
				CLANG_ENABLE_MODULES = YES;
				CLANG_ENABLE_OBJC_ARC = YES;
				CLANG_WARN_BLOCK_CAPTURE_AUTORELEASING = YES;
				CLANG_WARN_BOOL_CONVERSION = YES;
				CLANG_WARN_COMMA = YES;
				CLANG_WARN_CONSTANT_CONVERSION = YES;
				CLANG_WARN_DEPRECATED_OBJC_IMPLEMENTATIONS = YES;
				CLANG_WARN_DIRECT_OBJC_ISA_USAGE = YES_ERROR;
				CLANG_WARN_EMPTY_BODY = YES;
				CLANG_WARN_ENUM_CONVERSION = YES;
				CLANG_WARN_INFINITE_RECURSION = YES;
				CLANG_WARN_INT_CONVERSION = YES;
				CLANG_WARN_NON_LITERAL_NULL_CONVERSION = YES;
				CLANG_WARN_OBJC_IMPLICIT_RETAIN_SELF = YES;
				CLANG_WARN_OBJC_LITERAL_CONVERSION = YES;
				CLANG_WARN_OBJC_ROOT_CLASS = YES_ERROR;
				CLANG_WARN_QUOTED_INCLUDE_IN_FRAMEWORK_HEADER = YES;
				CLANG_WARN_RANGE_LOOP_ANALYSIS = YES;
				CLANG_WARN_STRICT_PROTOTYPES = YES;
				CLANG_WARN_SUSPICIOUS_MOVE = YES;
				CLANG_WARN_UNREACHABLE_CODE = YES;
				CLANG_WARN__DUPLICATE_METHOD_MATCH = YES;
				"CODE_SIGN_IDENTITY[sdk=iphoneos*]" = "iPhone Developer";
				COPY_PHASE_STRIP = YES;
				CXX = "";
				ENABLE_NS_ASSERTIONS = NO;
				ENABLE_STRICT_OBJC_MSGSEND = YES;
				"EXCLUDED_ARCHS[sdk=iphonesimulator*]" = i386;
				GCC_C_LANGUAGE_STANDARD = gnu99;
				GCC_NO_COMMON_BLOCKS = YES;
				GCC_PREPROCESSOR_DEFINITIONS = (
					"$(inherited)",
					_LIBCPP_ENABLE_CXX17_REMOVED_UNARY_BINARY_FUNCTION,
				);
				GCC_WARN_64_TO_32_BIT_CONVERSION = YES;
				GCC_WARN_ABOUT_RETURN_TYPE = YES_ERROR;
				GCC_WARN_UNDECLARED_SELECTOR = YES;
				GCC_WARN_UNINITIALIZED_AUTOS = YES_AGGRESSIVE;
				GCC_WARN_UNUSED_FUNCTION = YES;
				GCC_WARN_UNUSED_VARIABLE = YES;
				IPHONEOS_DEPLOYMENT_TARGET = 13.4;
				LD = "";
				LDPLUSPLUS = "";
				LD_RUNPATH_SEARCH_PATHS = (
					/usr/lib/swift,
					"$(inherited)",
				);
				LIBRARY_SEARCH_PATHS = (
					"\"$(SDKROOT)/usr/lib/swift\"",
					"\"$(TOOLCHAIN_DIR)/usr/lib/swift/$(PLATFORM_NAME)\"",
					"\"$(inherited)\"",
				);
				MTL_ENABLE_DEBUG_INFO = NO;
				OTHER_CFLAGS = "$(inherited)";
				OTHER_CPLUSPLUSFLAGS = (
					"$(OTHER_CFLAGS)",
					"-DFOLLY_NO_CONFIG",
					"-DFOLLY_MOBILE=1",
					"-DFOLLY_USE_LIBCPP=1",
				);
				OTHER_LDFLAGS = "$(inherited)";
				REACT_NATIVE_PATH = "${PODS_ROOT}/../../node_modules/react-native";
				SDKROOT = iphoneos;
				USE_HERMES = true;
				VALIDATE_PRODUCT = YES;
			};
			name = ReleaseStg;
		};
		5329A8142C51BC0C006A90D5 /* ReleaseStg */ = {
			isa = XCBuildConfiguration;
			baseConfigurationReference = 3DF2248F4AE688E072710063 /* Pods-RNMobileApp.releasestg.xcconfig */;
			buildSettings = {
				ALWAYS_EMBED_SWIFT_STANDARD_LIBRARIES = YES;
				ASSETCATALOG_COMPILER_APPICON_NAME = AppIcon;
				ASSETCATALOG_COMPILER_INCLUDE_ALL_APPICON_ASSETS = YES;
				CLANG_ENABLE_MODULES = YES;
				CODE_SIGN_ENTITLEMENTS = RNMobileApp/RNMobileApp.entitlements;
				CODE_SIGN_IDENTITY = "Apple Development";
				"CODE_SIGN_IDENTITY[sdk=iphoneos*]" = "iPhone Distribution";
				CODE_SIGN_STYLE = Manual;
				CURRENT_PROJECT_VERSION = 1;
				DEVELOPMENT_TEAM = "";
				"DEVELOPMENT_TEAM[sdk=iphoneos*]" = 85TJ6UUY75;
				INFOPLIST_FILE = RNMobileApp/Info.plist;
				INFOPLIST_KEY_CFBundleDisplayName = "(STG) Gardão App";
				INFOPLIST_KEY_LSApplicationCategoryType = "public.app-category.healthcare-fitness";
				IPHONEOS_DEPLOYMENT_TARGET = 13.4;
				LD_RUNPATH_SEARCH_PATHS = (
					"$(inherited)",
					"@executable_path/Frameworks",
				);
				MARKETING_VERSION = 1.0;
				OTHER_LDFLAGS = (
					"$(inherited)",
					"-ObjC",
					"-lc++",
				);
				OTHER_SWIFT_FLAGS = "$(inherited) -D EXPO_CONFIGURATION_RELEASE";
				PRODUCT_BUNDLE_IDENTIFIER = pt.rainbowapps.gardao.app.stg;
				PRODUCT_NAME = RNMobileApp;
				PROVISIONING_PROFILE_SPECIFIER = "";
				"PROVISIONING_PROFILE_SPECIFIER[sdk=iphoneos*]" = "match AppStore pt.mobiweb.framework.RNMobileApp";
				SUPPORTED_PLATFORMS = "iphoneos iphonesimulator";
				SUPPORTS_MACCATALYST = NO;
				SUPPORTS_XR_DESIGNED_FOR_IPHONE_IPAD = NO;
				SWIFT_VERSION = 5.0;
				TARGETED_DEVICE_FAMILY = 1;
				VERSIONING_SYSTEM = "apple-generic";
			};
			name = ReleaseStg;
		};
		5329A8152C51BC0C006A90D5 /* ReleaseStg */ = {
			isa = XCBuildConfiguration;
			baseConfigurationReference = DE75E5B7BCE66770B850FFC5 /* Pods-OneSignalNotificationServiceExtension.releasestg.xcconfig */;
			buildSettings = {
				ASSETCATALOG_COMPILER_GENERATE_SWIFT_ASSET_SYMBOL_EXTENSIONS = YES;
				CLANG_ANALYZER_NONNULL = YES;
				CLANG_ANALYZER_NUMBER_OBJECT_CONVERSION = YES_AGGRESSIVE;
				CLANG_CXX_LANGUAGE_STANDARD = "gnu++20";
				CLANG_ENABLE_OBJC_WEAK = YES;
				CLANG_WARN_DOCUMENTATION_COMMENTS = YES;
				CLANG_WARN_UNGUARDED_AVAILABILITY = YES_AGGRESSIVE;
				CODE_SIGN_IDENTITY = "Apple Development";
				"CODE_SIGN_IDENTITY[sdk=iphoneos*]" = "iPhone Distribution";
				CODE_SIGN_STYLE = Manual;
				COPY_PHASE_STRIP = NO;
				CURRENT_PROJECT_VERSION = 1;
				DEBUG_INFORMATION_FORMAT = "dwarf-with-dsym";
				DEVELOPMENT_TEAM = "";
				"DEVELOPMENT_TEAM[sdk=iphoneos*]" = 85TJ6UUY75;
				ENABLE_USER_SCRIPT_SANDBOXING = YES;
				GCC_C_LANGUAGE_STANDARD = gnu17;
				GENERATE_INFOPLIST_FILE = YES;
				INFOPLIST_FILE = OneSignalNotificationServiceExtension/Info.plist;
				INFOPLIST_KEY_CFBundleDisplayName = OneSignalNotificationServiceExtension;
				INFOPLIST_KEY_NSHumanReadableCopyright = "";
				IPHONEOS_DEPLOYMENT_TARGET = 13.4;
				LD_RUNPATH_SEARCH_PATHS = (
					"$(inherited)",
					"@executable_path/Frameworks",
					"@executable_path/../../Frameworks",
				);
				LOCALIZATION_PREFERS_STRING_CATALOGS = YES;
				MARKETING_VERSION = 1.0;
				MTL_FAST_MATH = YES;
				OTHER_SWIFT_FLAGS = "$(inherited) -D EXPO_CONFIGURATION_RELEASE";
				PRODUCT_BUNDLE_IDENTIFIER = pt.rainbowapps.gardao.app.stg.OneSignalNotificationServiceExtension;
				PRODUCT_NAME = "$(TARGET_NAME)";
				PROVISIONING_PROFILE_SPECIFIER = "";
				"PROVISIONING_PROFILE_SPECIFIER[sdk=iphoneos*]" = "match AppStore pt.mobiweb.framework.RNMobileApp.OneSignalNotificationServiceExtension";
				SKIP_INSTALL = YES;
				SUPPORTED_PLATFORMS = "iphoneos iphonesimulator";
				SUPPORTS_MACCATALYST = NO;
				SUPPORTS_XR_DESIGNED_FOR_IPHONE_IPAD = NO;
				SWIFT_COMPILATION_MODE = wholemodule;
				SWIFT_EMIT_LOC_STRINGS = YES;
				SWIFT_VERSION = 5.0;
				TARGETED_DEVICE_FAMILY = 1;
			};
			name = ReleaseStg;
		};
		54D3FDAC2AE28EE40027F224 /* DebugDev */ = {
			isa = XCBuildConfiguration;
			baseConfigurationReference = 13FD78B55269ACC00F074080 /* Pods-OneSignalNotificationServiceExtension.debugdev.xcconfig */;
			buildSettings = {
				ASSETCATALOG_COMPILER_GENERATE_SWIFT_ASSET_SYMBOL_EXTENSIONS = YES;
				CLANG_ANALYZER_NONNULL = YES;
				CLANG_ANALYZER_NUMBER_OBJECT_CONVERSION = YES_AGGRESSIVE;
				CLANG_CXX_LANGUAGE_STANDARD = "gnu++20";
				CLANG_ENABLE_OBJC_WEAK = YES;
				CLANG_WARN_DOCUMENTATION_COMMENTS = YES;
				CLANG_WARN_UNGUARDED_AVAILABILITY = YES_AGGRESSIVE;
				CODE_SIGN_IDENTITY = "Apple Development";
				"CODE_SIGN_IDENTITY[sdk=iphoneos*]" = "iPhone Distribution";
				CODE_SIGN_STYLE = Manual;
				CURRENT_PROJECT_VERSION = 1;
				DEBUG_INFORMATION_FORMAT = dwarf;
				DEVELOPMENT_TEAM = "";
				"DEVELOPMENT_TEAM[sdk=iphoneos*]" = 85TJ6UUY75;
				ENABLE_USER_SCRIPT_SANDBOXING = YES;
				GCC_C_LANGUAGE_STANDARD = gnu17;
				GCC_PREPROCESSOR_DEFINITIONS = (
					"DEBUG=1",
					"$(inherited)",
				);
				GENERATE_INFOPLIST_FILE = YES;
				INFOPLIST_FILE = OneSignalNotificationServiceExtension/Info.plist;
				INFOPLIST_KEY_CFBundleDisplayName = OneSignalNotificationServiceExtension;
				INFOPLIST_KEY_NSHumanReadableCopyright = "";
				IPHONEOS_DEPLOYMENT_TARGET = 13.4;
				LD_RUNPATH_SEARCH_PATHS = (
					"$(inherited)",
					"@executable_path/Frameworks",
					"@executable_path/../../Frameworks",
				);
				LOCALIZATION_PREFERS_STRING_CATALOGS = YES;
				MARKETING_VERSION = 1.0;
				MTL_ENABLE_DEBUG_INFO = INCLUDE_SOURCE;
				MTL_FAST_MATH = YES;
				OTHER_SWIFT_FLAGS = "$(inherited) -D EXPO_CONFIGURATION_DEBUG";
				PRODUCT_BUNDLE_IDENTIFIER = pt.rainbowapps.gardao.app.debug.OneSignalNotificationServiceExtension;
				PRODUCT_NAME = "$(TARGET_NAME)";
				PROVISIONING_PROFILE_SPECIFIER = "";
				"PROVISIONING_PROFILE_SPECIFIER[sdk=iphoneos*]" = "match AppStore pt.mobiweb.framework.RNMobileApp.OneSignalNotificationServiceExtension";
				SKIP_INSTALL = YES;
				SUPPORTED_PLATFORMS = "iphoneos iphonesimulator";
				SUPPORTS_MACCATALYST = NO;
				SUPPORTS_XR_DESIGNED_FOR_IPHONE_IPAD = NO;
				SWIFT_ACTIVE_COMPILATION_CONDITIONS = "DEBUG $(inherited)";
				SWIFT_EMIT_LOC_STRINGS = YES;
				SWIFT_OPTIMIZATION_LEVEL = "-Onone";
				SWIFT_VERSION = 5.0;
				TARGETED_DEVICE_FAMILY = 1;
			};
			name = DebugDev;
		};
		54D3FDAD2AE28EE40027F224 /* ReleaseProd */ = {
			isa = XCBuildConfiguration;
			baseConfigurationReference = 2738B94377B65D31C3F5FD0D /* Pods-OneSignalNotificationServiceExtension.releaseprod.xcconfig */;
			buildSettings = {
				ASSETCATALOG_COMPILER_GENERATE_SWIFT_ASSET_SYMBOL_EXTENSIONS = YES;
				CLANG_ANALYZER_NONNULL = YES;
				CLANG_ANALYZER_NUMBER_OBJECT_CONVERSION = YES_AGGRESSIVE;
				CLANG_CXX_LANGUAGE_STANDARD = "gnu++20";
				CLANG_ENABLE_OBJC_WEAK = YES;
				CLANG_WARN_DOCUMENTATION_COMMENTS = YES;
				CLANG_WARN_UNGUARDED_AVAILABILITY = YES_AGGRESSIVE;
				CODE_SIGN_IDENTITY = "Apple Development";
				"CODE_SIGN_IDENTITY[sdk=iphoneos*]" = "iPhone Distribution";
				CODE_SIGN_STYLE = Manual;
				COPY_PHASE_STRIP = NO;
				CURRENT_PROJECT_VERSION = 1;
				DEBUG_INFORMATION_FORMAT = "dwarf-with-dsym";
				DEVELOPMENT_TEAM = "";
				"DEVELOPMENT_TEAM[sdk=iphoneos*]" = 85TJ6UUY75;
				ENABLE_USER_SCRIPT_SANDBOXING = YES;
				GCC_C_LANGUAGE_STANDARD = gnu17;
				GENERATE_INFOPLIST_FILE = YES;
				INFOPLIST_FILE = OneSignalNotificationServiceExtension/Info.plist;
				INFOPLIST_KEY_CFBundleDisplayName = OneSignalNotificationServiceExtension;
				INFOPLIST_KEY_NSHumanReadableCopyright = "";
				IPHONEOS_DEPLOYMENT_TARGET = 13.4;
				LD_RUNPATH_SEARCH_PATHS = (
					"$(inherited)",
					"@executable_path/Frameworks",
					"@executable_path/../../Frameworks",
				);
				LOCALIZATION_PREFERS_STRING_CATALOGS = YES;
				MARKETING_VERSION = 1.0;
				MTL_FAST_MATH = YES;
				OTHER_SWIFT_FLAGS = "$(inherited) -D EXPO_CONFIGURATION_RELEASE";
				PRODUCT_BUNDLE_IDENTIFIER = pt.rainbowapps.gardao.app.OneSignalNotificationServiceExtension;
				PRODUCT_NAME = "$(TARGET_NAME)";
				PROVISIONING_PROFILE_SPECIFIER = "";
				"PROVISIONING_PROFILE_SPECIFIER[sdk=iphoneos*]" = "match AppStore pt.mobiweb.framework.RNMobileApp.OneSignalNotificationServiceExtension";
				SKIP_INSTALL = YES;
				SUPPORTED_PLATFORMS = "iphoneos iphonesimulator";
				SUPPORTS_MACCATALYST = NO;
				SUPPORTS_XR_DESIGNED_FOR_IPHONE_IPAD = NO;
				SWIFT_COMPILATION_MODE = wholemodule;
				SWIFT_EMIT_LOC_STRINGS = YES;
				SWIFT_VERSION = 5.0;
				TARGETED_DEVICE_FAMILY = 1;
			};
			name = ReleaseProd;
		};
		83CBBA201A601CBA00E9B192 /* DebugDev */ = {
			isa = XCBuildConfiguration;
			buildSettings = {
				ALWAYS_SEARCH_USER_PATHS = NO;
				CC = "";
				CLANG_ANALYZER_LOCALIZABILITY_NONLOCALIZED = YES;
				CLANG_CXX_LANGUAGE_STANDARD = "gnu++14";
				CLANG_CXX_LIBRARY = "libc++";
				CLANG_ENABLE_MODULES = YES;
				CLANG_ENABLE_OBJC_ARC = YES;
				CLANG_WARN_BLOCK_CAPTURE_AUTORELEASING = YES;
				CLANG_WARN_BOOL_CONVERSION = YES;
				CLANG_WARN_COMMA = YES;
				CLANG_WARN_CONSTANT_CONVERSION = YES;
				CLANG_WARN_DEPRECATED_OBJC_IMPLEMENTATIONS = YES;
				CLANG_WARN_DIRECT_OBJC_ISA_USAGE = YES_ERROR;
				CLANG_WARN_EMPTY_BODY = YES;
				CLANG_WARN_ENUM_CONVERSION = YES;
				CLANG_WARN_INFINITE_RECURSION = YES;
				CLANG_WARN_INT_CONVERSION = YES;
				CLANG_WARN_NON_LITERAL_NULL_CONVERSION = YES;
				CLANG_WARN_OBJC_IMPLICIT_RETAIN_SELF = YES;
				CLANG_WARN_OBJC_LITERAL_CONVERSION = YES;
				CLANG_WARN_OBJC_ROOT_CLASS = YES_ERROR;
				CLANG_WARN_QUOTED_INCLUDE_IN_FRAMEWORK_HEADER = YES;
				CLANG_WARN_RANGE_LOOP_ANALYSIS = YES;
				CLANG_WARN_STRICT_PROTOTYPES = YES;
				CLANG_WARN_SUSPICIOUS_MOVE = YES;
				CLANG_WARN_UNREACHABLE_CODE = YES;
				CLANG_WARN__DUPLICATE_METHOD_MATCH = YES;
				"CODE_SIGN_IDENTITY[sdk=iphoneos*]" = "iPhone Developer";
				COPY_PHASE_STRIP = NO;
				CXX = "";
				ENABLE_STRICT_OBJC_MSGSEND = YES;
				ENABLE_TESTABILITY = YES;
				"EXCLUDED_ARCHS[sdk=iphonesimulator*]" = i386;
				GCC_C_LANGUAGE_STANDARD = gnu99;
				GCC_DYNAMIC_NO_PIC = NO;
				GCC_NO_COMMON_BLOCKS = YES;
				GCC_OPTIMIZATION_LEVEL = 0;
				GCC_PREPROCESSOR_DEFINITIONS = (
					"DEBUG=1",
					"$(inherited)",
					_LIBCPP_ENABLE_CXX17_REMOVED_UNARY_BINARY_FUNCTION,
				);
				GCC_SYMBOLS_PRIVATE_EXTERN = NO;
				GCC_WARN_64_TO_32_BIT_CONVERSION = YES;
				GCC_WARN_ABOUT_RETURN_TYPE = YES_ERROR;
				GCC_WARN_UNDECLARED_SELECTOR = YES;
				GCC_WARN_UNINITIALIZED_AUTOS = YES_AGGRESSIVE;
				GCC_WARN_UNUSED_FUNCTION = YES;
				GCC_WARN_UNUSED_VARIABLE = YES;
				IPHONEOS_DEPLOYMENT_TARGET = 13.4;
				LD = "";
				LDPLUSPLUS = "";
				LD_RUNPATH_SEARCH_PATHS = (
					/usr/lib/swift,
					"$(inherited)",
				);
				LIBRARY_SEARCH_PATHS = (
					"\"$(SDKROOT)/usr/lib/swift\"",
					"\"$(TOOLCHAIN_DIR)/usr/lib/swift/$(PLATFORM_NAME)\"",
					"\"$(inherited)\"",
				);
				MTL_ENABLE_DEBUG_INFO = YES;
				ONLY_ACTIVE_ARCH = YES;
				OTHER_CFLAGS = "$(inherited)";
				OTHER_CPLUSPLUSFLAGS = (
					"$(OTHER_CFLAGS)",
					"-DFOLLY_NO_CONFIG",
					"-DFOLLY_MOBILE=1",
					"-DFOLLY_USE_LIBCPP=1",
				);
				OTHER_LDFLAGS = "$(inherited)";
				REACT_NATIVE_PATH = "${PODS_ROOT}/../../node_modules/react-native";
				SDKROOT = iphoneos;
				USE_HERMES = true;
			};
			name = DebugDev;
		};
		83CBBA211A601CBA00E9B192 /* ReleaseProd */ = {
			isa = XCBuildConfiguration;
			buildSettings = {
				ALWAYS_SEARCH_USER_PATHS = NO;
				CC = "";
				CLANG_ANALYZER_LOCALIZABILITY_NONLOCALIZED = YES;
				CLANG_CXX_LANGUAGE_STANDARD = "gnu++14";
				CLANG_CXX_LIBRARY = "libc++";
				CLANG_ENABLE_MODULES = YES;
				CLANG_ENABLE_OBJC_ARC = YES;
				CLANG_WARN_BLOCK_CAPTURE_AUTORELEASING = YES;
				CLANG_WARN_BOOL_CONVERSION = YES;
				CLANG_WARN_COMMA = YES;
				CLANG_WARN_CONSTANT_CONVERSION = YES;
				CLANG_WARN_DEPRECATED_OBJC_IMPLEMENTATIONS = YES;
				CLANG_WARN_DIRECT_OBJC_ISA_USAGE = YES_ERROR;
				CLANG_WARN_EMPTY_BODY = YES;
				CLANG_WARN_ENUM_CONVERSION = YES;
				CLANG_WARN_INFINITE_RECURSION = YES;
				CLANG_WARN_INT_CONVERSION = YES;
				CLANG_WARN_NON_LITERAL_NULL_CONVERSION = YES;
				CLANG_WARN_OBJC_IMPLICIT_RETAIN_SELF = YES;
				CLANG_WARN_OBJC_LITERAL_CONVERSION = YES;
				CLANG_WARN_OBJC_ROOT_CLASS = YES_ERROR;
				CLANG_WARN_QUOTED_INCLUDE_IN_FRAMEWORK_HEADER = YES;
				CLANG_WARN_RANGE_LOOP_ANALYSIS = YES;
				CLANG_WARN_STRICT_PROTOTYPES = YES;
				CLANG_WARN_SUSPICIOUS_MOVE = YES;
				CLANG_WARN_UNREACHABLE_CODE = YES;
				CLANG_WARN__DUPLICATE_METHOD_MATCH = YES;
				"CODE_SIGN_IDENTITY[sdk=iphoneos*]" = "iPhone Developer";
				COPY_PHASE_STRIP = YES;
				CXX = "";
				ENABLE_NS_ASSERTIONS = NO;
				ENABLE_STRICT_OBJC_MSGSEND = YES;
				"EXCLUDED_ARCHS[sdk=iphonesimulator*]" = i386;
				GCC_C_LANGUAGE_STANDARD = gnu99;
				GCC_NO_COMMON_BLOCKS = YES;
				GCC_PREPROCESSOR_DEFINITIONS = (
					"$(inherited)",
					_LIBCPP_ENABLE_CXX17_REMOVED_UNARY_BINARY_FUNCTION,
				);
				GCC_WARN_64_TO_32_BIT_CONVERSION = YES;
				GCC_WARN_ABOUT_RETURN_TYPE = YES_ERROR;
				GCC_WARN_UNDECLARED_SELECTOR = YES;
				GCC_WARN_UNINITIALIZED_AUTOS = YES_AGGRESSIVE;
				GCC_WARN_UNUSED_FUNCTION = YES;
				GCC_WARN_UNUSED_VARIABLE = YES;
				IPHONEOS_DEPLOYMENT_TARGET = 13.4;
				LD = "";
				LDPLUSPLUS = "";
				LD_RUNPATH_SEARCH_PATHS = (
					/usr/lib/swift,
					"$(inherited)",
				);
				LIBRARY_SEARCH_PATHS = (
					"\"$(SDKROOT)/usr/lib/swift\"",
					"\"$(TOOLCHAIN_DIR)/usr/lib/swift/$(PLATFORM_NAME)\"",
					"\"$(inherited)\"",
				);
				MTL_ENABLE_DEBUG_INFO = NO;
				OTHER_CFLAGS = "$(inherited)";
				OTHER_CPLUSPLUSFLAGS = (
					"$(OTHER_CFLAGS)",
					"-DFOLLY_NO_CONFIG",
					"-DFOLLY_MOBILE=1",
					"-DFOLLY_USE_LIBCPP=1",
				);
				OTHER_LDFLAGS = "$(inherited)";
				REACT_NATIVE_PATH = "${PODS_ROOT}/../../node_modules/react-native";
				SDKROOT = iphoneos;
				USE_HERMES = true;
				VALIDATE_PRODUCT = YES;
			};
			name = ReleaseProd;
		};
/* End XCBuildConfiguration section */

/* Begin XCConfigurationList section */
		13B07F931A680F5B00A75B9A /* Build configuration list for PBXNativeTarget "RNMobileApp" */ = {
			isa = XCConfigurationList;
			buildConfigurations = (
				13B07F941A680F5B00A75B9A /* DebugDev */,
				5329A80E2C51BBF3006A90D5 /* DebugProd */,
				5329A80B2C51BBE9006A90D5 /* DebugStg */,
				13B07F951A680F5B00A75B9A /* ReleaseProd */,
				5329A8142C51BC0C006A90D5 /* ReleaseStg */,
				5329A8112C51BC03006A90D5 /* ReleaseDev */,
			);
			defaultConfigurationIsVisible = 0;
			defaultConfigurationName = ReleaseProd;
		};
		54D3FDAE2AE28EE40027F224 /* Build configuration list for PBXNativeTarget "OneSignalNotificationServiceExtension" */ = {
			isa = XCConfigurationList;
			buildConfigurations = (
				54D3FDAC2AE28EE40027F224 /* DebugDev */,
				5329A80F2C51BBF3006A90D5 /* DebugProd */,
				5329A80C2C51BBE9006A90D5 /* DebugStg */,
				54D3FDAD2AE28EE40027F224 /* ReleaseProd */,
				5329A8152C51BC0C006A90D5 /* ReleaseStg */,
				5329A8122C51BC03006A90D5 /* ReleaseDev */,
			);
			defaultConfigurationIsVisible = 0;
			defaultConfigurationName = ReleaseProd;
		};
		83CBB9FA1A601CBA00E9B192 /* Build configuration list for PBXProject "RNMobileApp" */ = {
			isa = XCConfigurationList;
			buildConfigurations = (
				83CBBA201A601CBA00E9B192 /* DebugDev */,
				5329A80D2C51BBF3006A90D5 /* DebugProd */,
				5329A80A2C51BBE9006A90D5 /* DebugStg */,
				83CBBA211A601CBA00E9B192 /* ReleaseProd */,
				5329A8132C51BC0C006A90D5 /* ReleaseStg */,
				5329A8102C51BC03006A90D5 /* ReleaseDev */,
			);
			defaultConfigurationIsVisible = 0;
			defaultConfigurationName = ReleaseProd;
		};
/* End XCConfigurationList section */
	};
	rootObject = 83CBB9F71A601CBA00E9B192 /* Project object */;
}
